PODS:
  - ESTabBarController-swift (2.7)
  - HCVimeoVideoExtractor (0.0.1)
  - Kingfisher (5.4.0)
  - Reusable (4.1.0):
    - Reusable/Storyboard (= 4.1.0)
    - Reusable/View (= 4.1.0)
  - Reusable/Storyboard (4.1.0)
  - Reusable/View (4.1.0)
  - SKPhotoBrowser (6.1.0)
  - SwiftLint (0.32.0)
  - Swinject (2.6.0)

DEPENDENCIES:
  - ESTabBarController-swift (= 2.7)
  - HCVimeoVideoExtractor (= 0.0.1)
  - Kingfisher (= 5.4.0)
  - Reusable (= 4.1.0)
  - SKPhotoBrowser (= 6.1.0)
  - SwiftLint (= 0.32.0)
  - Swinject (= 2.6.0)

SPEC REPOS:
  https://github.com/cocoapods/specs.git:
    - ESTabBarController-swift
    - HCVimeoVideoExtractor
    - Kingfisher
    - Reusable
    - SKPhotoBrowser
    - SwiftLint
    - Swinject

SPEC CHECKSUMS:
  ESTabBarController-swift: 4fb52ad03d94d0717ef97bc9eb09a5abfdded0a2
  HCVimeoVideoExtractor: d3c251280f7027ffd324266e1930b3618e0adb46
  Kingfisher: 9c8f2cc6710334e06f32ba2b45e77707d5e2f0c9
  Reusable: 82be188f29d96dc5eff0db7b2393bcc08d2cdd5b
  SKPhotoBrowser: 343de95d89dc7913763c5dda243cc6e606e4a168
  SwiftLint: 009a898ef2a1c851f45e1b59349bf6ff2ddc990d
  Swinject: 48a96cda93633cf2860697b4ce76ab5db9ebaca2

PODFILE CHECKSUM: c78bc5364142f790756427b834eb87cecf482e80

COCOAPODS: 1.6.1
