PODS:
  - SwiftLint (0.28.1)
  - Swinject (2.5.0)

DEPENDENCIES:
  - SwiftLint
  - Swinject

SPEC REPOS:
  https://github.com/cocoapods/specs.git:
    - SwiftLint
    - Swinject

SPEC CHECKSUMS:
  SwiftLint: 7f5f7de0da74a649b16616cb5246ae323489656e
  Swinject: 82cdb851f63f91bba974e3eca1d69780f2f7677e

PODFILE CHECKSUM: cea63802229954745410f859494b3f1e6ebd9356

COCOAPODS: 1.6.0.beta.1
