PODS:
  - ESTabBarController-swift (2.6.4)
  - SwiftLint (0.28.1)
  - Swinject (2.5.0)

DEPENDENCIES:
  - ESTabBarController-swift
  - SwiftLint
  - Swinject

SPEC REPOS:
  https://github.com/cocoapods/specs.git:
    - ESTabBarController-swift
    - SwiftLint
    - Swinject

SPEC CHECKSUMS:
  ESTabBarController-swift: 58cca4ab7de980657d99a02181c1ff310983e975
  SwiftLint: 7f5f7de0da74a649b16616cb5246ae323489656e
  Swinject: 82cdb851f63f91bba974e3eca1d69780f2f7677e

PODFILE CHECKSUM: 33de0bccbe4da5da4cf2f7481f7870bff64f822d

COCOAPODS: 1.6.0.beta.1
