// !$*UTF8*$!
{
	archiveVersion = 1;
	classes = {
	};
	objectVersion = 50;
	objects = {

/* Begin PBXBuildFile section */
		364159C228B9BC6AD8E4AF82 /* Pods_EventBlankTests.framework in Frameworks */ = {isa = PBXBuildFile; fileRef = 4D23B5C2A76CC3F724F73BE2 /* Pods_EventBlankTests.framework */; };
		62DE449721A595B900C3AC14 /* Conference.swift in Sources */ = {isa = PBXBuildFile; fileRef = 62DE449621A595B900C3AC14 /* Conference.swift */; };
		62DE449921A595D100C3AC14 /* Speaker.swift in Sources */ = {isa = PBXBuildFile; fileRef = 62DE449821A595D100C3AC14 /* Speaker.swift */; };
		62DE449B21A595E100C3AC14 /* Topic.swift in Sources */ = {isa = PBXBuildFile; fileRef = 62DE449A21A595E100C3AC14 /* Topic.swift */; };
		62DE449D21A5966100C3AC14 /* Resource.swift in Sources */ = {isa = PBXBuildFile; fileRef = 62DE449C21A5966100C3AC14 /* Resource.swift */; };
		62DE44A221A5A83400C3AC14 /* conferences.json in Resources */ = {isa = PBXBuildFile; fileRef = 62DE44A121A5A83400C3AC14 /* conferences.json */; };
		62DE44A421A5A84700C3AC14 /* speakers.json in Resources */ = {isa = PBXBuildFile; fileRef = 62DE44A321A5A84700C3AC14 /* speakers.json */; };
		62DE44A621A5A85F00C3AC14 /* resources.json in Resources */ = {isa = PBXBuildFile; fileRef = 62DE44A521A5A85F00C3AC14 /* resources.json */; };
		62DE44A821A5A86F00C3AC14 /* talks.json in Resources */ = {isa = PBXBuildFile; fileRef = 62DE44A721A5A86F00C3AC14 /* talks.json */; };
		62DE44AA21A5B4CB00C3AC14 /* FileDecoder.swift in Sources */ = {isa = PBXBuildFile; fileRef = 62DE44A921A5B4CB00C3AC14 /* FileDecoder.swift */; };
		62DE44AD21A5B59D00C3AC14 /* DefaultConferenceRepository.swift in Sources */ = {isa = PBXBuildFile; fileRef = 62DE44AC21A5B59D00C3AC14 /* DefaultConferenceRepository.swift */; };
		62DE44AF21A5B6E800C3AC14 /* ApplicationCache.swift in Sources */ = {isa = PBXBuildFile; fileRef = 62DE44AE21A5B6E800C3AC14 /* ApplicationCache.swift */; };
		62DE44B121A5B8C300C3AC14 /* Repository.swift in Sources */ = {isa = PBXBuildFile; fileRef = 62DE44B021A5B8C300C3AC14 /* Repository.swift */; };
		62DE44B321A5B8E600C3AC14 /* DefaultSpeakerRepository.swift in Sources */ = {isa = PBXBuildFile; fileRef = 62DE44B221A5B8E600C3AC14 /* DefaultSpeakerRepository.swift */; };
		62DE44B621A5B98F00C3AC14 /* DefaultResourceRepository.swift in Sources */ = {isa = PBXBuildFile; fileRef = 62DE44B521A5B98F00C3AC14 /* DefaultResourceRepository.swift */; };
		62DE44B821A5B9CB00C3AC14 /* DefaultTalksRepository.swift in Sources */ = {isa = PBXBuildFile; fileRef = 62DE44B721A5B9CB00C3AC14 /* DefaultTalksRepository.swift */; };
		62DE44BB21A5BB7A00C3AC14 /* ConferenceViewVModel.swift in Sources */ = {isa = PBXBuildFile; fileRef = 62DE44BA21A5BB7A00C3AC14 /* ConferenceViewVModel.swift */; };
		62DE44BD21A5BBBA00C3AC14 /* TalkViewVModel.swift in Sources */ = {isa = PBXBuildFile; fileRef = 62DE44BC21A5BBBA00C3AC14 /* TalkViewVModel.swift */; };
		62DE44BF21A5BBFA00C3AC14 /* DefaultViewModelBuilder.swift in Sources */ = {isa = PBXBuildFile; fileRef = 62DE44BE21A5BBFA00C3AC14 /* DefaultViewModelBuilder.swift */; };
		62DE44C121A5CE2100C3AC14 /* SpeakerViewVModel.swift in Sources */ = {isa = PBXBuildFile; fileRef = 62DE44C021A5CE2100C3AC14 /* SpeakerViewVModel.swift */; };
		684E20E073382404189F5E36 /* Pods_EventBlank.framework in Frameworks */ = {isa = PBXBuildFile; fileRef = 5A95354DF73E836795643492 /* Pods_EventBlank.framework */; };
		8218EE2F21EE211300BEEF1E /* ViewModelAssembly.swift in Sources */ = {isa = PBXBuildFile; fileRef = BC366C4821A464AD006111DF /* ViewModelAssembly.swift */; };
		822926FC21FAF2CD00184741 /* FeedListViewController+TableViewDelegates.swift in Sources */ = {isa = PBXBuildFile; fileRef = 822926FB21FAF2CD00184741 /* FeedListViewController+TableViewDelegates.swift */; };
		8261336A21F85B3A00933AAF /* ConferenceRepository.swift in Sources */ = {isa = PBXBuildFile; fileRef = 8261336921F85B3A00933AAF /* ConferenceRepository.swift */; };
		8261336C21F85B7D00933AAF /* TalksRepository.swift in Sources */ = {isa = PBXBuildFile; fileRef = 8261336B21F85B7D00933AAF /* TalksRepository.swift */; };
		8261336E21F85BA200933AAF /* SpeakerRepository.swift in Sources */ = {isa = PBXBuildFile; fileRef = 8261336D21F85BA200933AAF /* SpeakerRepository.swift */; };
		8261337021F85BDC00933AAF /* ResourceRepository.swift in Sources */ = {isa = PBXBuildFile; fileRef = 8261336F21F85BDC00933AAF /* ResourceRepository.swift */; };
		82E9CEDE21F9CB34009D7F66 /* ViewModelBuilder.swift in Sources */ = {isa = PBXBuildFile; fileRef = 82E9CEDD21F9CB34009D7F66 /* ViewModelBuilder.swift */; };
		82E9CEE021F9CD9E009D7F66 /* BuilderAssembly.swift in Sources */ = {isa = PBXBuildFile; fileRef = 82E9CEDF21F9CD9E009D7F66 /* BuilderAssembly.swift */; };
		BC01751721A5AA3D0090DAE2 /* Lato-Regular.ttf in Resources */ = {isa = PBXBuildFile; fileRef = BC01751621A5AA3D0090DAE2 /* Lato-Regular.ttf */; };
		BC01751921A5AA480090DAE2 /* Lato-Bold.ttf in Resources */ = {isa = PBXBuildFile; fileRef = BC01751821A5AA480090DAE2 /* Lato-Bold.ttf */; };
		BC01751B21A5B6BB0090DAE2 /* UIViewExtensions.swift in Sources */ = {isa = PBXBuildFile; fileRef = BC01751A21A5B6BB0090DAE2 /* UIViewExtensions.swift */; };
		BC01751E21A5C0780090DAE2 /* ConferenceView.swift in Sources */ = {isa = PBXBuildFile; fileRef = BC01751D21A5C0780090DAE2 /* ConferenceView.swift */; };
		BC01752021A5C08D0090DAE2 /* ConferenceViewModelOutput.swift in Sources */ = {isa = PBXBuildFile; fileRef = BC01751F21A5C08D0090DAE2 /* ConferenceViewModelOutput.swift */; };
		BC01752221A5C09C0090DAE2 /* ConferenceViewModel.swift in Sources */ = {isa = PBXBuildFile; fileRef = BC01752121A5C09C0090DAE2 /* ConferenceViewModel.swift */; };
		BC01752421A5C0B10090DAE2 /* DefaultConferenceDetailsViewModel.swift in Sources */ = {isa = PBXBuildFile; fileRef = BC01752321A5C0B10090DAE2 /* DefaultConferenceDetailsViewModel.swift */; };
		BC01752B21A5C1BD0090DAE2 /* ConferenceViewController.swift in Sources */ = {isa = PBXBuildFile; fileRef = BC01752921A5C1BD0090DAE2 /* ConferenceViewController.swift */; };
		BC01752C21A5C1BD0090DAE2 /* ConferenceViewController.xib in Resources */ = {isa = PBXBuildFile; fileRef = BC01752A21A5C1BD0090DAE2 /* ConferenceViewController.xib */; };
		BC01753321A5CFD00090DAE2 /* PhotoCollectionViewCell.swift in Sources */ = {isa = PBXBuildFile; fileRef = BC01753121A5CFD00090DAE2 /* PhotoCollectionViewCell.swift */; };
		BC01753421A5CFD00090DAE2 /* PhotoCollectionViewCell.xib in Resources */ = {isa = PBXBuildFile; fileRef = BC01753221A5CFD00090DAE2 /* PhotoCollectionViewCell.xib */; };
		BC01753721A5CFF50090DAE2 /* TopicTableViewCell.swift in Sources */ = {isa = PBXBuildFile; fileRef = BC01753521A5CFF50090DAE2 /* TopicTableViewCell.swift */; };
		BC01753821A5CFF50090DAE2 /* TopicTableViewCell.xib in Resources */ = {isa = PBXBuildFile; fileRef = BC01753621A5CFF50090DAE2 /* TopicTableViewCell.xib */; };
		BC01753B21A5D00E0090DAE2 /* SpeakerTableViewCell.swift in Sources */ = {isa = PBXBuildFile; fileRef = BC01753921A5D00E0090DAE2 /* SpeakerTableViewCell.swift */; };
		BC01753C21A5D00E0090DAE2 /* SpeakerTableViewCell.xib in Resources */ = {isa = PBXBuildFile; fileRef = BC01753A21A5D00E0090DAE2 /* SpeakerTableViewCell.xib */; };
		BC01753F21A5ECB10090DAE2 /* TableDelegatable.swift in Sources */ = {isa = PBXBuildFile; fileRef = BC01753E21A5ECB10090DAE2 /* TableDelegatable.swift */; };
		BC01754121A5ED430090DAE2 /* CollectionDelegatable.swift in Sources */ = {isa = PBXBuildFile; fileRef = BC01754021A5ED430090DAE2 /* CollectionDelegatable.swift */; };
		BC01754321A5EE110090DAE2 /* CollectionDisplayManager.swift in Sources */ = {isa = PBXBuildFile; fileRef = BC01754221A5EE110090DAE2 /* CollectionDisplayManager.swift */; };
		BC01754521A5F2B80090DAE2 /* TableDisplayManager.swift in Sources */ = {isa = PBXBuildFile; fileRef = BC01754421A5F2B80090DAE2 /* TableDisplayManager.swift */; };
		BC01754721A5FBD40090DAE2 /* SelectedConferenceType.swift in Sources */ = {isa = PBXBuildFile; fileRef = BC01754621A5FBD40090DAE2 /* SelectedConferenceType.swift */; };
		BC01754A21A60AD30090DAE2 /* CollectionDisplayManagerDelegate.swift in Sources */ = {isa = PBXBuildFile; fileRef = BC01754921A60AD30090DAE2 /* CollectionDisplayManagerDelegate.swift */; };
		BC01754C21A61ED80090DAE2 /* PhotoBrowserModel.swift in Sources */ = {isa = PBXBuildFile; fileRef = BC01754B21A61ED80090DAE2 /* PhotoBrowserModel.swift */; };
		BC01755021A62E2B0090DAE2 /* TableDisplayManagerDelegate.swift in Sources */ = {isa = PBXBuildFile; fileRef = BC01754F21A62E2B0090DAE2 /* TableDisplayManagerDelegate.swift */; };
		BC01755421A632600090DAE2 /* TopicView.swift in Sources */ = {isa = PBXBuildFile; fileRef = BC01755321A632600090DAE2 /* TopicView.swift */; };
		BC01755621A632730090DAE2 /* TopicViewModelOutput.swift in Sources */ = {isa = PBXBuildFile; fileRef = BC01755521A632730090DAE2 /* TopicViewModelOutput.swift */; };
		BC01755821A632830090DAE2 /* TopicViewModel.swift in Sources */ = {isa = PBXBuildFile; fileRef = BC01755721A632830090DAE2 /* TopicViewModel.swift */; };
		BC01755A21A632920090DAE2 /* DefaultTopicViewModel.swift in Sources */ = {isa = PBXBuildFile; fileRef = BC01755921A632920090DAE2 /* DefaultTopicViewModel.swift */; };
		BC01755D21A632A50090DAE2 /* TopicViewController.swift in Sources */ = {isa = PBXBuildFile; fileRef = BC01755B21A632A50090DAE2 /* TopicViewController.swift */; };
		BC01755E21A632A50090DAE2 /* TopicViewController.xib in Resources */ = {isa = PBXBuildFile; fileRef = BC01755C21A632A50090DAE2 /* TopicViewController.xib */; };
		BC01756021A634C80090DAE2 /* SpeakerView.swift in Sources */ = {isa = PBXBuildFile; fileRef = BC01755F21A634C80090DAE2 /* SpeakerView.swift */; };
		BC01756221A634E90090DAE2 /* SpeakerViewModelOutput.swift in Sources */ = {isa = PBXBuildFile; fileRef = BC01756121A634E90090DAE2 /* SpeakerViewModelOutput.swift */; };
		BC01756421A634F30090DAE2 /* SpeakerViewModel.swift in Sources */ = {isa = PBXBuildFile; fileRef = BC01756321A634F30090DAE2 /* SpeakerViewModel.swift */; };
		BC01756621A635000090DAE2 /* DefaultSpeakerViewModel.swift in Sources */ = {isa = PBXBuildFile; fileRef = BC01756521A635000090DAE2 /* DefaultSpeakerViewModel.swift */; };
		BC01756921A6350E0090DAE2 /* SpeakerViewController.swift in Sources */ = {isa = PBXBuildFile; fileRef = BC01756721A6350E0090DAE2 /* SpeakerViewController.swift */; };
		BC01756A21A6350E0090DAE2 /* SpeakerViewController.xib in Resources */ = {isa = PBXBuildFile; fileRef = BC01756821A6350E0090DAE2 /* SpeakerViewController.xib */; };
		BC01757621A6ACB60090DAE2 /* SpeakerImageHelper.swift in Sources */ = {isa = PBXBuildFile; fileRef = BC01757521A6ACB60090DAE2 /* SpeakerImageHelper.swift */; };
		BC01757821A6ADE60090DAE2 /* SpeakerViewController+TableViewDelegates.swift in Sources */ = {isa = PBXBuildFile; fileRef = BC01757721A6ADE60090DAE2 /* SpeakerViewController+TableViewDelegates.swift */; };
		BC366C3E21A462BB006111DF /* TabItem.swift in Sources */ = {isa = PBXBuildFile; fileRef = BC366C3C21A462BB006111DF /* TabItem.swift */; };
		BC366C3F21A462BB006111DF /* Alert.swift in Sources */ = {isa = PBXBuildFile; fileRef = BC366C3D21A462BB006111DF /* Alert.swift */; };
		BC366C4321A46474006111DF /* AppAssembler.swift in Sources */ = {isa = PBXBuildFile; fileRef = BC366C4221A46474006111DF /* AppAssembler.swift */; };
		BC366C4521A46487006111DF /* DefaultAppAssembler.swift in Sources */ = {isa = PBXBuildFile; fileRef = BC366C4421A46487006111DF /* DefaultAppAssembler.swift */; };
		BC366C4921A464AD006111DF /* FactoryAssembly.swift in Sources */ = {isa = PBXBuildFile; fileRef = BC366C4621A464AD006111DF /* FactoryAssembly.swift */; };
		BC366C4A21A464AD006111DF /* NetworkServiceAssembly.swift in Sources */ = {isa = PBXBuildFile; fileRef = BC366C4721A464AD006111DF /* NetworkServiceAssembly.swift */; };
		BC366C4F21A46516006111DF /* ApplicationCoordinator.swift in Sources */ = {isa = PBXBuildFile; fileRef = BC366C4D21A46516006111DF /* ApplicationCoordinator.swift */; };
		BC366C5021A46516006111DF /* BaseCoordinator.swift in Sources */ = {isa = PBXBuildFile; fileRef = BC366C4E21A46516006111DF /* BaseCoordinator.swift */; };
		BC366C5521A465A4006111DF /* BaseView.swift in Sources */ = {isa = PBXBuildFile; fileRef = BC366C5221A465A4006111DF /* BaseView.swift */; };
		BC366C5621A465A4006111DF /* Coordinator.swift in Sources */ = {isa = PBXBuildFile; fileRef = BC366C5321A465A4006111DF /* Coordinator.swift */; };
		BC366C5721A465A4006111DF /* Presentable.swift in Sources */ = {isa = PBXBuildFile; fileRef = BC366C5421A465A4006111DF /* Presentable.swift */; };
		BC366C5B21A4660A006111DF /* Router.swift in Sources */ = {isa = PBXBuildFile; fileRef = BC366C5921A46609006111DF /* Router.swift */; };
		BC366C5C21A4660A006111DF /* RouterImplementation.swift in Sources */ = {isa = PBXBuildFile; fileRef = BC366C5A21A46609006111DF /* RouterImplementation.swift */; };
		BC366C6121A46756006111DF /* CoordinatorFactory.swift in Sources */ = {isa = PBXBuildFile; fileRef = BC366C6021A46756006111DF /* CoordinatorFactory.swift */; };
		BC366C6321A4678C006111DF /* BaseFactory.swift in Sources */ = {isa = PBXBuildFile; fileRef = BC366C6221A4678C006111DF /* BaseFactory.swift */; };
		BC366C6A21A467F5006111DF /* FeedModuleFactory.swift in Sources */ = {isa = PBXBuildFile; fileRef = BC366C6921A467F5006111DF /* FeedModuleFactory.swift */; };
		BC366C7021A46831006111DF /* DefaultFeedModuleFactory.swift in Sources */ = {isa = PBXBuildFile; fileRef = BC366C6F21A46831006111DF /* DefaultFeedModuleFactory.swift */; };
		BC43944221A4609400FE2BE1 /* AppDelegate.swift in Sources */ = {isa = PBXBuildFile; fileRef = BC43944121A4609400FE2BE1 /* AppDelegate.swift */; };
		BC43944921A4609500FE2BE1 /* Assets.xcassets in Resources */ = {isa = PBXBuildFile; fileRef = BC43944821A4609500FE2BE1 /* Assets.xcassets */; };
		BC43944C21A4609500FE2BE1 /* LaunchScreen.storyboard in Resources */ = {isa = PBXBuildFile; fileRef = BC43944A21A4609500FE2BE1 /* LaunchScreen.storyboard */; };
		BC43945721A4609500FE2BE1 /* EventBlankTests.swift in Sources */ = {isa = PBXBuildFile; fileRef = BC43945621A4609500FE2BE1 /* EventBlankTests.swift */; };
		BC70A38921A5432E00988533 /* MainTabBarView.swift in Sources */ = {isa = PBXBuildFile; fileRef = BC70A38821A5432E00988533 /* MainTabBarView.swift */; };
		BC70A38B21A5441000988533 /* MainTabCoordinatorOutput.swift in Sources */ = {isa = PBXBuildFile; fileRef = BC70A38A21A5441000988533 /* MainTabCoordinatorOutput.swift */; };
		BC70A38D21A5445900988533 /* MainTabBarCoordinator.swift in Sources */ = {isa = PBXBuildFile; fileRef = BC70A38C21A5445900988533 /* MainTabBarCoordinator.swift */; };
		BC70A38F21A5469E00988533 /* MainTabBarController.swift in Sources */ = {isa = PBXBuildFile; fileRef = BC70A38E21A5469E00988533 /* MainTabBarController.swift */; };
		BC70A3A321A54AE100988533 /* CoordinatorFactoryImplementation.swift in Sources */ = {isa = PBXBuildFile; fileRef = BC70A3A221A54AE100988533 /* CoordinatorFactoryImplementation.swift */; };
		BC70A3A521A5521C00988533 /* FeedCoordinator.swift in Sources */ = {isa = PBXBuildFile; fileRef = BC70A3A421A5521C00988533 /* FeedCoordinator.swift */; };
		BC70A3A821A5527A00988533 /* FeedListView.swift in Sources */ = {isa = PBXBuildFile; fileRef = BC70A3A721A5527A00988533 /* FeedListView.swift */; };
		BC70A3AA21A5528400988533 /* FeedListViewModelOutput.swift in Sources */ = {isa = PBXBuildFile; fileRef = BC70A3A921A5528400988533 /* FeedListViewModelOutput.swift */; };
		BC70A3AC21A5528D00988533 /* FeedListViewModel.swift in Sources */ = {isa = PBXBuildFile; fileRef = BC70A3AB21A5528D00988533 /* FeedListViewModel.swift */; };
		BC70A3AE21A5529800988533 /* DefaultFeedListViewModel.swift in Sources */ = {isa = PBXBuildFile; fileRef = BC70A3AD21A5529800988533 /* DefaultFeedListViewModel.swift */; };
		BC70A3B121A552BB00988533 /* FeedListViewController.swift in Sources */ = {isa = PBXBuildFile; fileRef = BC70A3AF21A552BB00988533 /* FeedListViewController.swift */; };
		BC70A3B221A552BB00988533 /* FeedListViewController.xib in Resources */ = {isa = PBXBuildFile; fileRef = BC70A3B021A552BB00988533 /* FeedListViewController.xib */; };
		BC70A3C421A56C7F00988533 /* UINavigationControllerExtensions.swift in Sources */ = {isa = PBXBuildFile; fileRef = BC70A3C321A56C7F00988533 /* UINavigationControllerExtensions.swift */; };
		BC70A3C921A5717300988533 /* Localizable.strings in Resources */ = {isa = PBXBuildFile; fileRef = BC70A3CB21A5717300988533 /* Localizable.strings */; };
		BC70A3CD21A571D000988533 /* Stylesheet.swift in Sources */ = {isa = PBXBuildFile; fileRef = BC70A3CC21A571D000988533 /* Stylesheet.swift */; };
		BC70A3CF21A5720A00988533 /* UIColorExtensions.swift in Sources */ = {isa = PBXBuildFile; fileRef = BC70A3CE21A5720A00988533 /* UIColorExtensions.swift */; };
		BC70A3D321A593A000988533 /* AboutCoordinator.swift in Sources */ = {isa = PBXBuildFile; fileRef = BC70A3D221A593A000988533 /* AboutCoordinator.swift */; };
		BC70A3D621A593FB00988533 /* AppInfoView.swift in Sources */ = {isa = PBXBuildFile; fileRef = BC70A3D521A593FB00988533 /* AppInfoView.swift */; };
		BC70A3D821A5940800988533 /* AppInfoViewModelOutput.swift in Sources */ = {isa = PBXBuildFile; fileRef = BC70A3D721A5940800988533 /* AppInfoViewModelOutput.swift */; };
		BC70A3DA21A5941900988533 /* AppInfoViewModel.swift in Sources */ = {isa = PBXBuildFile; fileRef = BC70A3D921A5941900988533 /* AppInfoViewModel.swift */; };
		BC70A3DC21A5942600988533 /* DefaultAppInfoViewModel.swift in Sources */ = {isa = PBXBuildFile; fileRef = BC70A3DB21A5942600988533 /* DefaultAppInfoViewModel.swift */; };
		BC70A3DF21A5943D00988533 /* AppInfoViewController.swift in Sources */ = {isa = PBXBuildFile; fileRef = BC70A3DD21A5943D00988533 /* AppInfoViewController.swift */; };
		BC70A3E021A5943D00988533 /* AppInfoViewController.xib in Resources */ = {isa = PBXBuildFile; fileRef = BC70A3DE21A5943D00988533 /* AppInfoViewController.xib */; };
		BC70A3E321A5953B00988533 /* AppInfoModuleFactory.swift in Sources */ = {isa = PBXBuildFile; fileRef = BC70A3E221A5953B00988533 /* AppInfoModuleFactory.swift */; };
		BC70A3E521A5954B00988533 /* DefaultAppInfoModuleFactory.swift in Sources */ = {isa = PBXBuildFile; fileRef = BC70A3E421A5954B00988533 /* DefaultAppInfoModuleFactory.swift */; };
		BC70A3E721A599A400988533 /* FavouritesCoordinator.swift in Sources */ = {isa = PBXBuildFile; fileRef = BC70A3E621A599A400988533 /* FavouritesCoordinator.swift */; };
		BC70A3EA21A599CF00988533 /* FavouritesListView.swift in Sources */ = {isa = PBXBuildFile; fileRef = BC70A3E921A599CF00988533 /* FavouritesListView.swift */; };
		BC70A3EC21A599EC00988533 /* FavouritesListViewModelOutput.swift in Sources */ = {isa = PBXBuildFile; fileRef = BC70A3EB21A599EC00988533 /* FavouritesListViewModelOutput.swift */; };
		BC70A3EE21A599F800988533 /* FavouritesListViewModel.swift in Sources */ = {isa = PBXBuildFile; fileRef = BC70A3ED21A599F800988533 /* FavouritesListViewModel.swift */; };
		BC70A3F221A59A0D00988533 /* DefaultFavouritesListViewModel.swift in Sources */ = {isa = PBXBuildFile; fileRef = BC70A3F121A59A0D00988533 /* DefaultFavouritesListViewModel.swift */; };
		BC70A3F921A59B1E00988533 /* FavouritesModuleFactory.swift in Sources */ = {isa = PBXBuildFile; fileRef = BC70A3F821A59B1E00988533 /* FavouritesModuleFactory.swift */; };
		BC70A3FB21A59B2900988533 /* DefaultFavouritesModuleFactory.swift in Sources */ = {isa = PBXBuildFile; fileRef = BC70A3FA21A59B2900988533 /* DefaultFavouritesModuleFactory.swift */; };
		BC70A3FE21A59C3300988533 /* FavouritesListViewController.swift in Sources */ = {isa = PBXBuildFile; fileRef = BC70A3FC21A59C3300988533 /* FavouritesListViewController.swift */; };
		BC70A3FF21A59C3300988533 /* FavouritesListViewController.xib in Resources */ = {isa = PBXBuildFile; fileRef = BC70A3FD21A59C3300988533 /* FavouritesListViewController.xib */; };
		BC7F0DB321A5A4E4003825F2 /* FeedTableViewCell.swift in Sources */ = {isa = PBXBuildFile; fileRef = BC7F0DB121A5A4E4003825F2 /* FeedTableViewCell.swift */; };
		BC7F0DB421A5A4E4003825F2 /* FeedTableViewCell.xib in Resources */ = {isa = PBXBuildFile; fileRef = BC7F0DB221A5A4E4003825F2 /* FeedTableViewCell.xib */; };
/* End PBXBuildFile section */

/* Begin PBXContainerItemProxy section */
		BC43945321A4609500FE2BE1 /* PBXContainerItemProxy */ = {
			isa = PBXContainerItemProxy;
			containerPortal = BC43943621A4609400FE2BE1 /* Project object */;
			proxyType = 1;
			remoteGlobalIDString = BC43943D21A4609400FE2BE1;
			remoteInfo = EventBlank;
		};
/* End PBXContainerItemProxy section */

/* Begin PBXFileReference section */
		1B5499287F3170D942C97F2E /* Pods-EventBlankTests.release.xcconfig */ = {isa = PBXFileReference; includeInIndex = 1; lastKnownFileType = text.xcconfig; name = "Pods-EventBlankTests.release.xcconfig"; path = "Target Support Files/Pods-EventBlankTests/Pods-EventBlankTests.release.xcconfig"; sourceTree = "<group>"; };
		4547956158FFF18147EFCEB8 /* Pods-EventBlank.debug.xcconfig */ = {isa = PBXFileReference; includeInIndex = 1; lastKnownFileType = text.xcconfig; name = "Pods-EventBlank.debug.xcconfig"; path = "Target Support Files/Pods-EventBlank/Pods-EventBlank.debug.xcconfig"; sourceTree = "<group>"; };
		4B86530634F764E2C3F040C4 /* Pods-EventBlank.debug.xcconfig */ = {isa = PBXFileReference; includeInIndex = 1; lastKnownFileType = text.xcconfig; name = "Pods-EventBlank.debug.xcconfig"; path = "Pods/Target Support Files/Pods-EventBlank/Pods-EventBlank.debug.xcconfig"; sourceTree = "<group>"; };
		4D23B5C2A76CC3F724F73BE2 /* Pods_EventBlankTests.framework */ = {isa = PBXFileReference; explicitFileType = wrapper.framework; includeInIndex = 0; path = Pods_EventBlankTests.framework; sourceTree = BUILT_PRODUCTS_DIR; };
		5A95354DF73E836795643492 /* Pods_EventBlank.framework */ = {isa = PBXFileReference; explicitFileType = wrapper.framework; includeInIndex = 0; path = Pods_EventBlank.framework; sourceTree = BUILT_PRODUCTS_DIR; };
		62DE449621A595B900C3AC14 /* Conference.swift */ = {isa = PBXFileReference; lastKnownFileType = sourcecode.swift; path = Conference.swift; sourceTree = "<group>"; };
		62DE449821A595D100C3AC14 /* Speaker.swift */ = {isa = PBXFileReference; lastKnownFileType = sourcecode.swift; path = Speaker.swift; sourceTree = "<group>"; };
		62DE449A21A595E100C3AC14 /* Topic.swift */ = {isa = PBXFileReference; lastKnownFileType = sourcecode.swift; path = Topic.swift; sourceTree = "<group>"; };
		62DE449C21A5966100C3AC14 /* Resource.swift */ = {isa = PBXFileReference; lastKnownFileType = sourcecode.swift; path = Resource.swift; sourceTree = "<group>"; };
		62DE44A121A5A83400C3AC14 /* conferences.json */ = {isa = PBXFileReference; lastKnownFileType = text.json; path = conferences.json; sourceTree = "<group>"; };
		62DE44A321A5A84700C3AC14 /* speakers.json */ = {isa = PBXFileReference; lastKnownFileType = text.json; path = speakers.json; sourceTree = "<group>"; };
		62DE44A521A5A85F00C3AC14 /* resources.json */ = {isa = PBXFileReference; lastKnownFileType = text.json; path = resources.json; sourceTree = "<group>"; };
		62DE44A721A5A86F00C3AC14 /* talks.json */ = {isa = PBXFileReference; lastKnownFileType = text.json; path = talks.json; sourceTree = "<group>"; };
		62DE44A921A5B4CB00C3AC14 /* FileDecoder.swift */ = {isa = PBXFileReference; lastKnownFileType = sourcecode.swift; path = FileDecoder.swift; sourceTree = "<group>"; };
		62DE44AC21A5B59D00C3AC14 /* DefaultConferenceRepository.swift */ = {isa = PBXFileReference; lastKnownFileType = sourcecode.swift; path = DefaultConferenceRepository.swift; sourceTree = "<group>"; };
		62DE44AE21A5B6E800C3AC14 /* ApplicationCache.swift */ = {isa = PBXFileReference; lastKnownFileType = sourcecode.swift; path = ApplicationCache.swift; sourceTree = "<group>"; };
		62DE44B021A5B8C300C3AC14 /* Repository.swift */ = {isa = PBXFileReference; lastKnownFileType = sourcecode.swift; path = Repository.swift; sourceTree = "<group>"; };
		62DE44B221A5B8E600C3AC14 /* DefaultSpeakerRepository.swift */ = {isa = PBXFileReference; lastKnownFileType = sourcecode.swift; path = DefaultSpeakerRepository.swift; sourceTree = "<group>"; };
		62DE44B521A5B98F00C3AC14 /* DefaultResourceRepository.swift */ = {isa = PBXFileReference; lastKnownFileType = sourcecode.swift; path = DefaultResourceRepository.swift; sourceTree = "<group>"; };
		62DE44B721A5B9CB00C3AC14 /* DefaultTalksRepository.swift */ = {isa = PBXFileReference; lastKnownFileType = sourcecode.swift; path = DefaultTalksRepository.swift; sourceTree = "<group>"; };
		62DE44BA21A5BB7A00C3AC14 /* ConferenceViewVModel.swift */ = {isa = PBXFileReference; lastKnownFileType = sourcecode.swift; path = ConferenceViewVModel.swift; sourceTree = "<group>"; };
		62DE44BC21A5BBBA00C3AC14 /* TalkViewVModel.swift */ = {isa = PBXFileReference; lastKnownFileType = sourcecode.swift; path = TalkViewVModel.swift; sourceTree = "<group>"; };
		62DE44BE21A5BBFA00C3AC14 /* DefaultViewModelBuilder.swift */ = {isa = PBXFileReference; lastKnownFileType = sourcecode.swift; path = DefaultViewModelBuilder.swift; sourceTree = "<group>"; };
		62DE44C021A5CE2100C3AC14 /* SpeakerViewVModel.swift */ = {isa = PBXFileReference; lastKnownFileType = sourcecode.swift; path = SpeakerViewVModel.swift; sourceTree = "<group>"; };
		6C4FB8056E5B75C1A39423CD /* Pods-EventBlankTests.debug.xcconfig */ = {isa = PBXFileReference; includeInIndex = 1; lastKnownFileType = text.xcconfig; name = "Pods-EventBlankTests.debug.xcconfig"; path = "Target Support Files/Pods-EventBlankTests/Pods-EventBlankTests.debug.xcconfig"; sourceTree = "<group>"; };
		822926FB21FAF2CD00184741 /* FeedListViewController+TableViewDelegates.swift */ = {isa = PBXFileReference; lastKnownFileType = sourcecode.swift; path = "FeedListViewController+TableViewDelegates.swift"; sourceTree = "<group>"; };
		8261336921F85B3A00933AAF /* ConferenceRepository.swift */ = {isa = PBXFileReference; lastKnownFileType = sourcecode.swift; path = ConferenceRepository.swift; sourceTree = "<group>"; };
		8261336B21F85B7D00933AAF /* TalksRepository.swift */ = {isa = PBXFileReference; lastKnownFileType = sourcecode.swift; path = TalksRepository.swift; sourceTree = "<group>"; };
		8261336D21F85BA200933AAF /* SpeakerRepository.swift */ = {isa = PBXFileReference; lastKnownFileType = sourcecode.swift; path = SpeakerRepository.swift; sourceTree = "<group>"; };
		8261336F21F85BDC00933AAF /* ResourceRepository.swift */ = {isa = PBXFileReference; lastKnownFileType = sourcecode.swift; path = ResourceRepository.swift; sourceTree = "<group>"; };
		82E9CEDD21F9CB34009D7F66 /* ViewModelBuilder.swift */ = {isa = PBXFileReference; lastKnownFileType = sourcecode.swift; path = ViewModelBuilder.swift; sourceTree = "<group>"; };
		82E9CEDF21F9CD9E009D7F66 /* BuilderAssembly.swift */ = {isa = PBXFileReference; lastKnownFileType = sourcecode.swift; path = BuilderAssembly.swift; sourceTree = "<group>"; };
		BC01751621A5AA3D0090DAE2 /* Lato-Regular.ttf */ = {isa = PBXFileReference; lastKnownFileType = file; path = "Lato-Regular.ttf"; sourceTree = "<group>"; };
		BC01751821A5AA480090DAE2 /* Lato-Bold.ttf */ = {isa = PBXFileReference; lastKnownFileType = file; path = "Lato-Bold.ttf"; sourceTree = "<group>"; };
		BC01751A21A5B6BB0090DAE2 /* UIViewExtensions.swift */ = {isa = PBXFileReference; lastKnownFileType = sourcecode.swift; path = UIViewExtensions.swift; sourceTree = "<group>"; };
		BC01751D21A5C0780090DAE2 /* ConferenceView.swift */ = {isa = PBXFileReference; lastKnownFileType = sourcecode.swift; path = ConferenceView.swift; sourceTree = "<group>"; };
		BC01751F21A5C08D0090DAE2 /* ConferenceViewModelOutput.swift */ = {isa = PBXFileReference; lastKnownFileType = sourcecode.swift; path = ConferenceViewModelOutput.swift; sourceTree = "<group>"; };
		BC01752121A5C09C0090DAE2 /* ConferenceViewModel.swift */ = {isa = PBXFileReference; lastKnownFileType = sourcecode.swift; path = ConferenceViewModel.swift; sourceTree = "<group>"; };
		BC01752321A5C0B10090DAE2 /* DefaultConferenceDetailsViewModel.swift */ = {isa = PBXFileReference; lastKnownFileType = sourcecode.swift; path = DefaultConferenceDetailsViewModel.swift; sourceTree = "<group>"; };
		BC01752921A5C1BD0090DAE2 /* ConferenceViewController.swift */ = {isa = PBXFileReference; lastKnownFileType = sourcecode.swift; path = ConferenceViewController.swift; sourceTree = "<group>"; };
		BC01752A21A5C1BD0090DAE2 /* ConferenceViewController.xib */ = {isa = PBXFileReference; lastKnownFileType = file.xib; path = ConferenceViewController.xib; sourceTree = "<group>"; };
		BC01753121A5CFD00090DAE2 /* PhotoCollectionViewCell.swift */ = {isa = PBXFileReference; lastKnownFileType = sourcecode.swift; path = PhotoCollectionViewCell.swift; sourceTree = "<group>"; };
		BC01753221A5CFD00090DAE2 /* PhotoCollectionViewCell.xib */ = {isa = PBXFileReference; lastKnownFileType = file.xib; path = PhotoCollectionViewCell.xib; sourceTree = "<group>"; };
		BC01753521A5CFF50090DAE2 /* TopicTableViewCell.swift */ = {isa = PBXFileReference; lastKnownFileType = sourcecode.swift; path = TopicTableViewCell.swift; sourceTree = "<group>"; };
		BC01753621A5CFF50090DAE2 /* TopicTableViewCell.xib */ = {isa = PBXFileReference; lastKnownFileType = file.xib; path = TopicTableViewCell.xib; sourceTree = "<group>"; };
		BC01753921A5D00E0090DAE2 /* SpeakerTableViewCell.swift */ = {isa = PBXFileReference; lastKnownFileType = sourcecode.swift; path = SpeakerTableViewCell.swift; sourceTree = "<group>"; };
		BC01753A21A5D00E0090DAE2 /* SpeakerTableViewCell.xib */ = {isa = PBXFileReference; lastKnownFileType = file.xib; path = SpeakerTableViewCell.xib; sourceTree = "<group>"; };
		BC01753E21A5ECB10090DAE2 /* TableDelegatable.swift */ = {isa = PBXFileReference; lastKnownFileType = sourcecode.swift; path = TableDelegatable.swift; sourceTree = "<group>"; };
		BC01754021A5ED430090DAE2 /* CollectionDelegatable.swift */ = {isa = PBXFileReference; lastKnownFileType = sourcecode.swift; path = CollectionDelegatable.swift; sourceTree = "<group>"; };
		BC01754221A5EE110090DAE2 /* CollectionDisplayManager.swift */ = {isa = PBXFileReference; lastKnownFileType = sourcecode.swift; path = CollectionDisplayManager.swift; sourceTree = "<group>"; };
		BC01754421A5F2B80090DAE2 /* TableDisplayManager.swift */ = {isa = PBXFileReference; lastKnownFileType = sourcecode.swift; path = TableDisplayManager.swift; sourceTree = "<group>"; };
		BC01754621A5FBD40090DAE2 /* SelectedConferenceType.swift */ = {isa = PBXFileReference; lastKnownFileType = sourcecode.swift; path = SelectedConferenceType.swift; sourceTree = "<group>"; };
		BC01754921A60AD30090DAE2 /* CollectionDisplayManagerDelegate.swift */ = {isa = PBXFileReference; lastKnownFileType = sourcecode.swift; path = CollectionDisplayManagerDelegate.swift; sourceTree = "<group>"; };
		BC01754B21A61ED80090DAE2 /* PhotoBrowserModel.swift */ = {isa = PBXFileReference; lastKnownFileType = sourcecode.swift; path = PhotoBrowserModel.swift; sourceTree = "<group>"; };
		BC01754F21A62E2B0090DAE2 /* TableDisplayManagerDelegate.swift */ = {isa = PBXFileReference; lastKnownFileType = sourcecode.swift; path = TableDisplayManagerDelegate.swift; sourceTree = "<group>"; };
		BC01755321A632600090DAE2 /* TopicView.swift */ = {isa = PBXFileReference; lastKnownFileType = sourcecode.swift; path = TopicView.swift; sourceTree = "<group>"; };
		BC01755521A632730090DAE2 /* TopicViewModelOutput.swift */ = {isa = PBXFileReference; lastKnownFileType = sourcecode.swift; path = TopicViewModelOutput.swift; sourceTree = "<group>"; };
		BC01755721A632830090DAE2 /* TopicViewModel.swift */ = {isa = PBXFileReference; lastKnownFileType = sourcecode.swift; path = TopicViewModel.swift; sourceTree = "<group>"; };
		BC01755921A632920090DAE2 /* DefaultTopicViewModel.swift */ = {isa = PBXFileReference; lastKnownFileType = sourcecode.swift; path = DefaultTopicViewModel.swift; sourceTree = "<group>"; };
		BC01755B21A632A50090DAE2 /* TopicViewController.swift */ = {isa = PBXFileReference; lastKnownFileType = sourcecode.swift; path = TopicViewController.swift; sourceTree = "<group>"; };
		BC01755C21A632A50090DAE2 /* TopicViewController.xib */ = {isa = PBXFileReference; lastKnownFileType = file.xib; path = TopicViewController.xib; sourceTree = "<group>"; };
		BC01755F21A634C80090DAE2 /* SpeakerView.swift */ = {isa = PBXFileReference; lastKnownFileType = sourcecode.swift; path = SpeakerView.swift; sourceTree = "<group>"; };
		BC01756121A634E90090DAE2 /* SpeakerViewModelOutput.swift */ = {isa = PBXFileReference; lastKnownFileType = sourcecode.swift; path = SpeakerViewModelOutput.swift; sourceTree = "<group>"; };
		BC01756321A634F30090DAE2 /* SpeakerViewModel.swift */ = {isa = PBXFileReference; lastKnownFileType = sourcecode.swift; path = SpeakerViewModel.swift; sourceTree = "<group>"; };
		BC01756521A635000090DAE2 /* DefaultSpeakerViewModel.swift */ = {isa = PBXFileReference; lastKnownFileType = sourcecode.swift; path = DefaultSpeakerViewModel.swift; sourceTree = "<group>"; };
		BC01756721A6350E0090DAE2 /* SpeakerViewController.swift */ = {isa = PBXFileReference; lastKnownFileType = sourcecode.swift; path = SpeakerViewController.swift; sourceTree = "<group>"; };
		BC01756821A6350E0090DAE2 /* SpeakerViewController.xib */ = {isa = PBXFileReference; lastKnownFileType = file.xib; path = SpeakerViewController.xib; sourceTree = "<group>"; };
		BC01757521A6ACB60090DAE2 /* SpeakerImageHelper.swift */ = {isa = PBXFileReference; lastKnownFileType = sourcecode.swift; path = SpeakerImageHelper.swift; sourceTree = "<group>"; };
		BC01757721A6ADE60090DAE2 /* SpeakerViewController+TableViewDelegates.swift */ = {isa = PBXFileReference; lastKnownFileType = sourcecode.swift; path = "SpeakerViewController+TableViewDelegates.swift"; sourceTree = "<group>"; };
		BC366C3C21A462BB006111DF /* TabItem.swift */ = {isa = PBXFileReference; fileEncoding = 4; lastKnownFileType = sourcecode.swift; path = TabItem.swift; sourceTree = "<group>"; };
		BC366C3D21A462BB006111DF /* Alert.swift */ = {isa = PBXFileReference; fileEncoding = 4; lastKnownFileType = sourcecode.swift; path = Alert.swift; sourceTree = "<group>"; };
		BC366C4221A46474006111DF /* AppAssembler.swift */ = {isa = PBXFileReference; fileEncoding = 4; lastKnownFileType = sourcecode.swift; path = AppAssembler.swift; sourceTree = "<group>"; };
		BC366C4421A46487006111DF /* DefaultAppAssembler.swift */ = {isa = PBXFileReference; fileEncoding = 4; lastKnownFileType = sourcecode.swift; path = DefaultAppAssembler.swift; sourceTree = "<group>"; };
		BC366C4621A464AD006111DF /* FactoryAssembly.swift */ = {isa = PBXFileReference; fileEncoding = 4; lastKnownFileType = sourcecode.swift; path = FactoryAssembly.swift; sourceTree = "<group>"; };
		BC366C4721A464AD006111DF /* NetworkServiceAssembly.swift */ = {isa = PBXFileReference; fileEncoding = 4; lastKnownFileType = sourcecode.swift; path = NetworkServiceAssembly.swift; sourceTree = "<group>"; };
		BC366C4821A464AD006111DF /* ViewModelAssembly.swift */ = {isa = PBXFileReference; fileEncoding = 4; lastKnownFileType = sourcecode.swift; path = ViewModelAssembly.swift; sourceTree = "<group>"; };
		BC366C4D21A46516006111DF /* ApplicationCoordinator.swift */ = {isa = PBXFileReference; fileEncoding = 4; lastKnownFileType = sourcecode.swift; path = ApplicationCoordinator.swift; sourceTree = "<group>"; };
		BC366C4E21A46516006111DF /* BaseCoordinator.swift */ = {isa = PBXFileReference; fileEncoding = 4; lastKnownFileType = sourcecode.swift; path = BaseCoordinator.swift; sourceTree = "<group>"; };
		BC366C5221A465A4006111DF /* BaseView.swift */ = {isa = PBXFileReference; fileEncoding = 4; lastKnownFileType = sourcecode.swift; path = BaseView.swift; sourceTree = "<group>"; };
		BC366C5321A465A4006111DF /* Coordinator.swift */ = {isa = PBXFileReference; fileEncoding = 4; lastKnownFileType = sourcecode.swift; path = Coordinator.swift; sourceTree = "<group>"; };
		BC366C5421A465A4006111DF /* Presentable.swift */ = {isa = PBXFileReference; fileEncoding = 4; lastKnownFileType = sourcecode.swift; path = Presentable.swift; sourceTree = "<group>"; };
		BC366C5921A46609006111DF /* Router.swift */ = {isa = PBXFileReference; fileEncoding = 4; lastKnownFileType = sourcecode.swift; path = Router.swift; sourceTree = "<group>"; };
		BC366C5A21A46609006111DF /* RouterImplementation.swift */ = {isa = PBXFileReference; fileEncoding = 4; lastKnownFileType = sourcecode.swift; path = RouterImplementation.swift; sourceTree = "<group>"; };
		BC366C6021A46756006111DF /* CoordinatorFactory.swift */ = {isa = PBXFileReference; lastKnownFileType = sourcecode.swift; path = CoordinatorFactory.swift; sourceTree = "<group>"; };
		BC366C6221A4678C006111DF /* BaseFactory.swift */ = {isa = PBXFileReference; fileEncoding = 4; lastKnownFileType = sourcecode.swift; path = BaseFactory.swift; sourceTree = "<group>"; };
		BC366C6921A467F5006111DF /* FeedModuleFactory.swift */ = {isa = PBXFileReference; lastKnownFileType = sourcecode.swift; path = FeedModuleFactory.swift; sourceTree = "<group>"; };
		BC366C6F21A46831006111DF /* DefaultFeedModuleFactory.swift */ = {isa = PBXFileReference; lastKnownFileType = sourcecode.swift; path = DefaultFeedModuleFactory.swift; sourceTree = "<group>"; };
		BC43943E21A4609400FE2BE1 /* EventBlank.app */ = {isa = PBXFileReference; explicitFileType = wrapper.application; includeInIndex = 0; path = EventBlank.app; sourceTree = BUILT_PRODUCTS_DIR; };
		BC43944121A4609400FE2BE1 /* AppDelegate.swift */ = {isa = PBXFileReference; lastKnownFileType = sourcecode.swift; path = AppDelegate.swift; sourceTree = "<group>"; };
		BC43944821A4609500FE2BE1 /* Assets.xcassets */ = {isa = PBXFileReference; lastKnownFileType = folder.assetcatalog; path = Assets.xcassets; sourceTree = "<group>"; };
		BC43944B21A4609500FE2BE1 /* Base */ = {isa = PBXFileReference; lastKnownFileType = file.storyboard; name = Base; path = Base.lproj/LaunchScreen.storyboard; sourceTree = "<group>"; };
		BC43944D21A4609500FE2BE1 /* Info.plist */ = {isa = PBXFileReference; lastKnownFileType = text.plist.xml; path = Info.plist; sourceTree = "<group>"; };
		BC43945221A4609500FE2BE1 /* EventBlankTests.xctest */ = {isa = PBXFileReference; explicitFileType = wrapper.cfbundle; includeInIndex = 0; path = EventBlankTests.xctest; sourceTree = BUILT_PRODUCTS_DIR; };
		BC43945621A4609500FE2BE1 /* EventBlankTests.swift */ = {isa = PBXFileReference; lastKnownFileType = sourcecode.swift; path = EventBlankTests.swift; sourceTree = "<group>"; };
		BC43945821A4609500FE2BE1 /* Info.plist */ = {isa = PBXFileReference; lastKnownFileType = text.plist.xml; path = Info.plist; sourceTree = "<group>"; };
		BC70A38821A5432E00988533 /* MainTabBarView.swift */ = {isa = PBXFileReference; lastKnownFileType = sourcecode.swift; path = MainTabBarView.swift; sourceTree = "<group>"; };
		BC70A38A21A5441000988533 /* MainTabCoordinatorOutput.swift */ = {isa = PBXFileReference; lastKnownFileType = sourcecode.swift; path = MainTabCoordinatorOutput.swift; sourceTree = "<group>"; };
		BC70A38C21A5445900988533 /* MainTabBarCoordinator.swift */ = {isa = PBXFileReference; lastKnownFileType = sourcecode.swift; path = MainTabBarCoordinator.swift; sourceTree = "<group>"; };
		BC70A38E21A5469E00988533 /* MainTabBarController.swift */ = {isa = PBXFileReference; lastKnownFileType = sourcecode.swift; path = MainTabBarController.swift; sourceTree = "<group>"; };
		BC70A3A221A54AE100988533 /* CoordinatorFactoryImplementation.swift */ = {isa = PBXFileReference; lastKnownFileType = sourcecode.swift; path = CoordinatorFactoryImplementation.swift; sourceTree = "<group>"; };
		BC70A3A421A5521C00988533 /* FeedCoordinator.swift */ = {isa = PBXFileReference; lastKnownFileType = sourcecode.swift; path = FeedCoordinator.swift; sourceTree = "<group>"; };
		BC70A3A721A5527A00988533 /* FeedListView.swift */ = {isa = PBXFileReference; lastKnownFileType = sourcecode.swift; path = FeedListView.swift; sourceTree = "<group>"; };
		BC70A3A921A5528400988533 /* FeedListViewModelOutput.swift */ = {isa = PBXFileReference; lastKnownFileType = sourcecode.swift; path = FeedListViewModelOutput.swift; sourceTree = "<group>"; };
		BC70A3AB21A5528D00988533 /* FeedListViewModel.swift */ = {isa = PBXFileReference; lastKnownFileType = sourcecode.swift; path = FeedListViewModel.swift; sourceTree = "<group>"; };
		BC70A3AD21A5529800988533 /* DefaultFeedListViewModel.swift */ = {isa = PBXFileReference; lastKnownFileType = sourcecode.swift; path = DefaultFeedListViewModel.swift; sourceTree = "<group>"; };
		BC70A3AF21A552BB00988533 /* FeedListViewController.swift */ = {isa = PBXFileReference; lastKnownFileType = sourcecode.swift; path = FeedListViewController.swift; sourceTree = "<group>"; };
		BC70A3B021A552BB00988533 /* FeedListViewController.xib */ = {isa = PBXFileReference; lastKnownFileType = file.xib; path = FeedListViewController.xib; sourceTree = "<group>"; };
		BC70A3C321A56C7F00988533 /* UINavigationControllerExtensions.swift */ = {isa = PBXFileReference; lastKnownFileType = sourcecode.swift; path = UINavigationControllerExtensions.swift; sourceTree = "<group>"; };
		BC70A3CA21A5717300988533 /* en */ = {isa = PBXFileReference; lastKnownFileType = text.plist.strings; name = en; path = en.lproj/Localizable.strings; sourceTree = "<group>"; };
		BC70A3CC21A571D000988533 /* Stylesheet.swift */ = {isa = PBXFileReference; lastKnownFileType = sourcecode.swift; path = Stylesheet.swift; sourceTree = "<group>"; };
		BC70A3CE21A5720A00988533 /* UIColorExtensions.swift */ = {isa = PBXFileReference; fileEncoding = 4; lastKnownFileType = sourcecode.swift; path = UIColorExtensions.swift; sourceTree = "<group>"; };
		BC70A3D221A593A000988533 /* AboutCoordinator.swift */ = {isa = PBXFileReference; lastKnownFileType = sourcecode.swift; path = AboutCoordinator.swift; sourceTree = "<group>"; };
		BC70A3D521A593FB00988533 /* AppInfoView.swift */ = {isa = PBXFileReference; lastKnownFileType = sourcecode.swift; path = AppInfoView.swift; sourceTree = "<group>"; };
		BC70A3D721A5940800988533 /* AppInfoViewModelOutput.swift */ = {isa = PBXFileReference; lastKnownFileType = sourcecode.swift; path = AppInfoViewModelOutput.swift; sourceTree = "<group>"; };
		BC70A3D921A5941900988533 /* AppInfoViewModel.swift */ = {isa = PBXFileReference; lastKnownFileType = sourcecode.swift; path = AppInfoViewModel.swift; sourceTree = "<group>"; };
		BC70A3DB21A5942600988533 /* DefaultAppInfoViewModel.swift */ = {isa = PBXFileReference; lastKnownFileType = sourcecode.swift; path = DefaultAppInfoViewModel.swift; sourceTree = "<group>"; };
		BC70A3DD21A5943D00988533 /* AppInfoViewController.swift */ = {isa = PBXFileReference; lastKnownFileType = sourcecode.swift; path = AppInfoViewController.swift; sourceTree = "<group>"; };
		BC70A3DE21A5943D00988533 /* AppInfoViewController.xib */ = {isa = PBXFileReference; lastKnownFileType = file.xib; path = AppInfoViewController.xib; sourceTree = "<group>"; };
		BC70A3E221A5953B00988533 /* AppInfoModuleFactory.swift */ = {isa = PBXFileReference; lastKnownFileType = sourcecode.swift; path = AppInfoModuleFactory.swift; sourceTree = "<group>"; };
		BC70A3E421A5954B00988533 /* DefaultAppInfoModuleFactory.swift */ = {isa = PBXFileReference; lastKnownFileType = sourcecode.swift; path = DefaultAppInfoModuleFactory.swift; sourceTree = "<group>"; };
		BC70A3E621A599A400988533 /* FavouritesCoordinator.swift */ = {isa = PBXFileReference; lastKnownFileType = sourcecode.swift; path = FavouritesCoordinator.swift; sourceTree = "<group>"; };
		BC70A3E921A599CF00988533 /* FavouritesListView.swift */ = {isa = PBXFileReference; lastKnownFileType = sourcecode.swift; path = FavouritesListView.swift; sourceTree = "<group>"; };
		BC70A3EB21A599EC00988533 /* FavouritesListViewModelOutput.swift */ = {isa = PBXFileReference; lastKnownFileType = sourcecode.swift; path = FavouritesListViewModelOutput.swift; sourceTree = "<group>"; };
		BC70A3ED21A599F800988533 /* FavouritesListViewModel.swift */ = {isa = PBXFileReference; lastKnownFileType = sourcecode.swift; path = FavouritesListViewModel.swift; sourceTree = "<group>"; };
		BC70A3F121A59A0D00988533 /* DefaultFavouritesListViewModel.swift */ = {isa = PBXFileReference; lastKnownFileType = sourcecode.swift; path = DefaultFavouritesListViewModel.swift; sourceTree = "<group>"; };
		BC70A3F821A59B1E00988533 /* FavouritesModuleFactory.swift */ = {isa = PBXFileReference; lastKnownFileType = sourcecode.swift; path = FavouritesModuleFactory.swift; sourceTree = "<group>"; };
		BC70A3FA21A59B2900988533 /* DefaultFavouritesModuleFactory.swift */ = {isa = PBXFileReference; lastKnownFileType = sourcecode.swift; path = DefaultFavouritesModuleFactory.swift; sourceTree = "<group>"; };
		BC70A3FC21A59C3300988533 /* FavouritesListViewController.swift */ = {isa = PBXFileReference; lastKnownFileType = sourcecode.swift; path = FavouritesListViewController.swift; sourceTree = "<group>"; };
		BC70A3FD21A59C3300988533 /* FavouritesListViewController.xib */ = {isa = PBXFileReference; lastKnownFileType = file.xib; path = FavouritesListViewController.xib; sourceTree = "<group>"; };
		BC7F0DB121A5A4E4003825F2 /* FeedTableViewCell.swift */ = {isa = PBXFileReference; lastKnownFileType = sourcecode.swift; path = FeedTableViewCell.swift; sourceTree = "<group>"; };
		BC7F0DB221A5A4E4003825F2 /* FeedTableViewCell.xib */ = {isa = PBXFileReference; lastKnownFileType = file.xib; path = FeedTableViewCell.xib; sourceTree = "<group>"; };
		EA1FA9B40F469556048AED71 /* Pods-EventBlank.release.xcconfig */ = {isa = PBXFileReference; includeInIndex = 1; lastKnownFileType = text.xcconfig; name = "Pods-EventBlank.release.xcconfig"; path = "Target Support Files/Pods-EventBlank/Pods-EventBlank.release.xcconfig"; sourceTree = "<group>"; };
/* End PBXFileReference section */

/* Begin PBXFrameworksBuildPhase section */
		BC43943B21A4609400FE2BE1 /* Frameworks */ = {
			isa = PBXFrameworksBuildPhase;
			buildActionMask = 2147483647;
			files = (
				684E20E073382404189F5E36 /* Pods_EventBlank.framework in Frameworks */,
			);
			runOnlyForDeploymentPostprocessing = 0;
		};
		BC43944F21A4609500FE2BE1 /* Frameworks */ = {
			isa = PBXFrameworksBuildPhase;
			buildActionMask = 2147483647;
			files = (
				364159C228B9BC6AD8E4AF82 /* Pods_EventBlankTests.framework in Frameworks */,
			);
			runOnlyForDeploymentPostprocessing = 0;
		};
/* End PBXFrameworksBuildPhase section */

/* Begin PBXGroup section */
		62DE449521A5959E00C3AC14 /* Models */ = {
			isa = PBXGroup;
			children = (
				62DE449621A595B900C3AC14 /* Conference.swift */,
				62DE449821A595D100C3AC14 /* Speaker.swift */,
				62DE449A21A595E100C3AC14 /* Topic.swift */,
				62DE449C21A5966100C3AC14 /* Resource.swift */,
			);
			path = Models;
			sourceTree = "<group>";
		};
		62DE44A021A5A81E00C3AC14 /* Mocks */ = {
			isa = PBXGroup;
			children = (
				62DE44A121A5A83400C3AC14 /* conferences.json */,
				62DE44A721A5A86F00C3AC14 /* talks.json */,
				62DE44A321A5A84700C3AC14 /* speakers.json */,
				62DE44A521A5A85F00C3AC14 /* resources.json */,
			);
			path = Mocks;
			sourceTree = "<group>";
		};
		62DE44AB21A5B58700C3AC14 /* Repository */ = {
			isa = PBXGroup;
			children = (
				62DE44B021A5B8C300C3AC14 /* Repository.swift */,
				8261336521F85AE700933AAF /* Conference */,
				8261336821F85AFA00933AAF /* Talks */,
				8261336621F85AF000933AAF /* Speaker */,
				8261336721F85AF400933AAF /* Resource */,
			);
			path = Repository;
			sourceTree = "<group>";
		};
		62DE44B421A5B95600C3AC14 /* Cache */ = {
			isa = PBXGroup;
			children = (
				62DE44A921A5B4CB00C3AC14 /* FileDecoder.swift */,
				62DE44AE21A5B6E800C3AC14 /* ApplicationCache.swift */,
			);
			path = Cache;
			sourceTree = "<group>";
		};
		62DE44B921A5BB5900C3AC14 /* ContentBuilder */ = {
			isa = PBXGroup;
			children = (
				82E9CEDC21F9CAFE009D7F66 /* Models */,
				82E9CEDD21F9CB34009D7F66 /* ViewModelBuilder.swift */,
				62DE44BE21A5BBFA00C3AC14 /* DefaultViewModelBuilder.swift */,
			);
			path = ContentBuilder;
			sourceTree = "<group>";
		};
		6D70578A1FEA3FC039B9404B /* Frameworks */ = {
			isa = PBXGroup;
			children = (
				5A95354DF73E836795643492 /* Pods_EventBlank.framework */,
				4D23B5C2A76CC3F724F73BE2 /* Pods_EventBlankTests.framework */,
			);
			name = Frameworks;
			sourceTree = "<group>";
		};
		8261336421F85A0200933AAF /* Databse */ = {
			isa = PBXGroup;
			children = (
				62DE44B421A5B95600C3AC14 /* Cache */,
				62DE44A021A5A81E00C3AC14 /* Mocks */,
				62DE449521A5959E00C3AC14 /* Models */,
				62DE44AB21A5B58700C3AC14 /* Repository */,
			);
			path = Databse;
			sourceTree = "<group>";
		};
		8261336521F85AE700933AAF /* Conference */ = {
			isa = PBXGroup;
			children = (
				8261336921F85B3A00933AAF /* ConferenceRepository.swift */,
				62DE44AC21A5B59D00C3AC14 /* DefaultConferenceRepository.swift */,
			);
			path = Conference;
			sourceTree = "<group>";
		};
		8261336621F85AF000933AAF /* Speaker */ = {
			isa = PBXGroup;
			children = (
				8261336D21F85BA200933AAF /* SpeakerRepository.swift */,
				62DE44B221A5B8E600C3AC14 /* DefaultSpeakerRepository.swift */,
			);
			path = Speaker;
			sourceTree = "<group>";
		};
		8261336721F85AF400933AAF /* Resource */ = {
			isa = PBXGroup;
			children = (
				8261336F21F85BDC00933AAF /* ResourceRepository.swift */,
				62DE44B521A5B98F00C3AC14 /* DefaultResourceRepository.swift */,
			);
			path = Resource;
			sourceTree = "<group>";
		};
		8261336821F85AFA00933AAF /* Talks */ = {
			isa = PBXGroup;
			children = (
				8261336B21F85B7D00933AAF /* TalksRepository.swift */,
				62DE44B721A5B9CB00C3AC14 /* DefaultTalksRepository.swift */,
			);
			path = Talks;
			sourceTree = "<group>";
		};
		82E9CEDB21F9CA58009D7F66 /* Services */ = {
			isa = PBXGroup;
			children = (
				62DE44B921A5BB5900C3AC14 /* ContentBuilder */,
			);
			path = Services;
			sourceTree = "<group>";
		};
		82E9CEDC21F9CAFE009D7F66 /* Models */ = {
			isa = PBXGroup;
			children = (
				62DE44BA21A5BB7A00C3AC14 /* ConferenceViewVModel.swift */,
				62DE44BC21A5BBBA00C3AC14 /* TalkViewVModel.swift */,
				62DE44C021A5CE2100C3AC14 /* SpeakerViewVModel.swift */,
			);
			path = Models;
			sourceTree = "<group>";
		};
		95409B95AAF8E58D1E16B6E5 /* Pods */ = {
			isa = PBXGroup;
			children = (
				4547956158FFF18147EFCEB8 /* Pods-EventBlank.debug.xcconfig */,
				EA1FA9B40F469556048AED71 /* Pods-EventBlank.release.xcconfig */,
				6C4FB8056E5B75C1A39423CD /* Pods-EventBlankTests.debug.xcconfig */,
				1B5499287F3170D942C97F2E /* Pods-EventBlankTests.release.xcconfig */,
				4B86530634F764E2C3F040C4 /* Pods-EventBlank.debug.xcconfig */,
			);
			path = Pods;
			sourceTree = "<group>";
		};
		BC01751521A5AA2E0090DAE2 /* Fonts */ = {
			isa = PBXGroup;
			children = (
				BC01751821A5AA480090DAE2 /* Lato-Bold.ttf */,
				BC01751621A5AA3D0090DAE2 /* Lato-Regular.ttf */,
			);
			path = Fonts;
			sourceTree = "<group>";
		};
		BC01751C21A5C0590090DAE2 /* Conference */ = {
			isa = PBXGroup;
			children = (
				BC01754821A601CA0090DAE2 /* Helpers */,
				BC01752D21A5CF5D0090DAE2 /* Cells */,
				BC01753D21A5EC6C0090DAE2 /* DisplayManagers */,
				BC01751D21A5C0780090DAE2 /* ConferenceView.swift */,
				BC01751F21A5C08D0090DAE2 /* ConferenceViewModelOutput.swift */,
				BC01752121A5C09C0090DAE2 /* ConferenceViewModel.swift */,
				BC01752321A5C0B10090DAE2 /* DefaultConferenceDetailsViewModel.swift */,
				BC01752921A5C1BD0090DAE2 /* ConferenceViewController.swift */,
				BC01752A21A5C1BD0090DAE2 /* ConferenceViewController.xib */,
			);
			path = Conference;
			sourceTree = "<group>";
		};
		BC01752D21A5CF5D0090DAE2 /* Cells */ = {
			isa = PBXGroup;
			children = (
				BC01753021A5CF910090DAE2 /* ConferencePhotoCollectionViewCell */,
				BC01752F21A5CF8E0090DAE2 /* TopicTableViewCell */,
				BC01752E21A5CF8C0090DAE2 /* SpeakerTableViewCell */,
			);
			path = Cells;
			sourceTree = "<group>";
		};
		BC01752E21A5CF8C0090DAE2 /* SpeakerTableViewCell */ = {
			isa = PBXGroup;
			children = (
				BC01753921A5D00E0090DAE2 /* SpeakerTableViewCell.swift */,
				BC01753A21A5D00E0090DAE2 /* SpeakerTableViewCell.xib */,
			);
			path = SpeakerTableViewCell;
			sourceTree = "<group>";
		};
		BC01752F21A5CF8E0090DAE2 /* TopicTableViewCell */ = {
			isa = PBXGroup;
			children = (
				BC01753521A5CFF50090DAE2 /* TopicTableViewCell.swift */,
				BC01753621A5CFF50090DAE2 /* TopicTableViewCell.xib */,
			);
			path = TopicTableViewCell;
			sourceTree = "<group>";
		};
		BC01753021A5CF910090DAE2 /* ConferencePhotoCollectionViewCell */ = {
			isa = PBXGroup;
			children = (
				BC01753121A5CFD00090DAE2 /* PhotoCollectionViewCell.swift */,
				BC01753221A5CFD00090DAE2 /* PhotoCollectionViewCell.xib */,
			);
			path = ConferencePhotoCollectionViewCell;
			sourceTree = "<group>";
		};
		BC01753D21A5EC6C0090DAE2 /* DisplayManagers */ = {
			isa = PBXGroup;
			children = (
				BC01754D21A62E020090DAE2 /* CollectionView */,
				BC01754E21A62E130090DAE2 /* TableView */,
			);
			path = DisplayManagers;
			sourceTree = "<group>";
		};
		BC01754821A601CA0090DAE2 /* Helpers */ = {
			isa = PBXGroup;
			children = (
				BC01754621A5FBD40090DAE2 /* SelectedConferenceType.swift */,
				BC01754B21A61ED80090DAE2 /* PhotoBrowserModel.swift */,
				BC01757521A6ACB60090DAE2 /* SpeakerImageHelper.swift */,
			);
			path = Helpers;
			sourceTree = "<group>";
		};
		BC01754D21A62E020090DAE2 /* CollectionView */ = {
			isa = PBXGroup;
			children = (
				BC01754021A5ED430090DAE2 /* CollectionDelegatable.swift */,
				BC01754921A60AD30090DAE2 /* CollectionDisplayManagerDelegate.swift */,
				BC01754221A5EE110090DAE2 /* CollectionDisplayManager.swift */,
			);
			path = CollectionView;
			sourceTree = "<group>";
		};
		BC01754E21A62E130090DAE2 /* TableView */ = {
			isa = PBXGroup;
			children = (
				BC01753E21A5ECB10090DAE2 /* TableDelegatable.swift */,
				BC01754F21A62E2B0090DAE2 /* TableDisplayManagerDelegate.swift */,
				BC01754421A5F2B80090DAE2 /* TableDisplayManager.swift */,
			);
			path = TableView;
			sourceTree = "<group>";
		};
		BC01755121A6312F0090DAE2 /* Topic */ = {
			isa = PBXGroup;
			children = (
				BC01755321A632600090DAE2 /* TopicView.swift */,
				BC01755521A632730090DAE2 /* TopicViewModelOutput.swift */,
				BC01755721A632830090DAE2 /* TopicViewModel.swift */,
				BC01755921A632920090DAE2 /* DefaultTopicViewModel.swift */,
				BC01755B21A632A50090DAE2 /* TopicViewController.swift */,
				BC01755C21A632A50090DAE2 /* TopicViewController.xib */,
			);
			path = Topic;
			sourceTree = "<group>";
		};
		BC01755221A631380090DAE2 /* Speaker */ = {
			isa = PBXGroup;
			children = (
				BC01755F21A634C80090DAE2 /* SpeakerView.swift */,
				BC01756121A634E90090DAE2 /* SpeakerViewModelOutput.swift */,
				BC01756321A634F30090DAE2 /* SpeakerViewModel.swift */,
				BC01756521A635000090DAE2 /* DefaultSpeakerViewModel.swift */,
				BC01756721A6350E0090DAE2 /* SpeakerViewController.swift */,
				BC01757721A6ADE60090DAE2 /* SpeakerViewController+TableViewDelegates.swift */,
				BC01756821A6350E0090DAE2 /* SpeakerViewController.xib */,
			);
			path = Speaker;
			sourceTree = "<group>";
		};
		BC366C3A21A46178006111DF /* Application */ = {
			isa = PBXGroup;
			children = (
				BC43944121A4609400FE2BE1 /* AppDelegate.swift */,
				BC366C3B21A4625C006111DF /* Common */,
				BC366C4121A46462006111DF /* Assemblies */,
				BC366C4C21A464FC006111DF /* Coordinator */,
			);
			path = Application;
			sourceTree = "<group>";
		};
		BC366C3B21A4625C006111DF /* Common */ = {
			isa = PBXGroup;
			children = (
				BC366C3D21A462BB006111DF /* Alert.swift */,
				BC366C3C21A462BB006111DF /* TabItem.swift */,
				BC70A3CC21A571D000988533 /* Stylesheet.swift */,
			);
			path = Common;
			sourceTree = "<group>";
		};
		BC366C4121A46462006111DF /* Assemblies */ = {
			isa = PBXGroup;
			children = (
				BC366C4221A46474006111DF /* AppAssembler.swift */,
				BC366C4421A46487006111DF /* DefaultAppAssembler.swift */,
				BC366C4621A464AD006111DF /* FactoryAssembly.swift */,
				82E9CEDF21F9CD9E009D7F66 /* BuilderAssembly.swift */,
				BC366C4821A464AD006111DF /* ViewModelAssembly.swift */,
				BC366C4721A464AD006111DF /* NetworkServiceAssembly.swift */,
			);
			path = Assemblies;
			sourceTree = "<group>";
		};
		BC366C4C21A464FC006111DF /* Coordinator */ = {
			isa = PBXGroup;
			children = (
				BC366C4E21A46516006111DF /* BaseCoordinator.swift */,
				BC366C4D21A46516006111DF /* ApplicationCoordinator.swift */,
			);
			path = Coordinator;
			sourceTree = "<group>";
		};
		BC366C5121A46584006111DF /* Protocols */ = {
			isa = PBXGroup;
			children = (
				BC366C5321A465A4006111DF /* Coordinator.swift */,
				BC366C5421A465A4006111DF /* Presentable.swift */,
				BC366C5221A465A4006111DF /* BaseView.swift */,
			);
			path = Protocols;
			sourceTree = "<group>";
		};
		BC366C5821A46609006111DF /* Router */ = {
			isa = PBXGroup;
			children = (
				BC366C5921A46609006111DF /* Router.swift */,
				BC366C5A21A46609006111DF /* RouterImplementation.swift */,
			);
			path = Router;
			sourceTree = "<group>";
		};
		BC366C5D21A4669C006111DF /* Factories */ = {
			isa = PBXGroup;
			children = (
				BC366C5E21A46710006111DF /* Coordinator */,
				BC366C5F21A46717006111DF /* Modules */,
			);
			path = Factories;
			sourceTree = "<group>";
		};
		BC366C5E21A46710006111DF /* Coordinator */ = {
			isa = PBXGroup;
			children = (
				BC366C6021A46756006111DF /* CoordinatorFactory.swift */,
				BC70A3A221A54AE100988533 /* CoordinatorFactoryImplementation.swift */,
			);
			path = Coordinator;
			sourceTree = "<group>";
		};
		BC366C5F21A46717006111DF /* Modules */ = {
			isa = PBXGroup;
			children = (
				BC366C6221A4678C006111DF /* BaseFactory.swift */,
				BC366C6521A467BA006111DF /* Feed */,
				BC70A3E121A5952400988533 /* AppInfo */,
				BC70A3F721A59B1100988533 /* Favourites */,
			);
			path = Modules;
			sourceTree = "<group>";
		};
		BC366C6521A467BA006111DF /* Feed */ = {
			isa = PBXGroup;
			children = (
				BC366C6921A467F5006111DF /* FeedModuleFactory.swift */,
				BC366C6F21A46831006111DF /* DefaultFeedModuleFactory.swift */,
			);
			path = Feed;
			sourceTree = "<group>";
		};
		BC366C7321A468EE006111DF /* Flows */ = {
			isa = PBXGroup;
			children = (
				BC366C7421A46931006111DF /* Main Flow */,
			);
			path = Flows;
			sourceTree = "<group>";
		};
		BC366C7421A46931006111DF /* Main Flow */ = {
			isa = PBXGroup;
			children = (
				BC70A38821A5432E00988533 /* MainTabBarView.swift */,
				BC70A38A21A5441000988533 /* MainTabCoordinatorOutput.swift */,
				BC70A38C21A5445900988533 /* MainTabBarCoordinator.swift */,
				BC70A38E21A5469E00988533 /* MainTabBarController.swift */,
				BC70A39121A547C100988533 /* Feed */,
				BC70A3D021A5935D00988533 /* About */,
				BC70A3D121A5936700988533 /* Favourites */,
			);
			path = "Main Flow";
			sourceTree = "<group>";
		};
		BC43943521A4609400FE2BE1 = {
			isa = PBXGroup;
			children = (
				BC43944021A4609400FE2BE1 /* EventBlank */,
				BC43945521A4609500FE2BE1 /* EventBlankTests */,
				BC43943F21A4609400FE2BE1 /* Products */,
				95409B95AAF8E58D1E16B6E5 /* Pods */,
				6D70578A1FEA3FC039B9404B /* Frameworks */,
			);
			sourceTree = "<group>";
		};
		BC43943F21A4609400FE2BE1 /* Products */ = {
			isa = PBXGroup;
			children = (
				BC43943E21A4609400FE2BE1 /* EventBlank.app */,
				BC43945221A4609500FE2BE1 /* EventBlankTests.xctest */,
			);
			name = Products;
			sourceTree = "<group>";
		};
		BC43944021A4609400FE2BE1 /* EventBlank */ = {
			isa = PBXGroup;
			children = (
				BC366C3A21A46178006111DF /* Application */,
				BC70A3C221A56C5B00988533 /* Extensions */,
				BC366C5121A46584006111DF /* Protocols */,
				BC366C5821A46609006111DF /* Router */,
				8261336421F85A0200933AAF /* Databse */,
				82E9CEDB21F9CA58009D7F66 /* Services */,
				BC366C5D21A4669C006111DF /* Factories */,
				BC366C7321A468EE006111DF /* Flows */,
				BC70A3C521A5713100988533 /* Resources */,
				BC43944821A4609500FE2BE1 /* Assets.xcassets */,
				BC43944A21A4609500FE2BE1 /* LaunchScreen.storyboard */,
				BC43944D21A4609500FE2BE1 /* Info.plist */,
			);
			path = EventBlank;
			sourceTree = "<group>";
		};
		BC43945521A4609500FE2BE1 /* EventBlankTests */ = {
			isa = PBXGroup;
			children = (
				BC43945621A4609500FE2BE1 /* EventBlankTests.swift */,
				BC43945821A4609500FE2BE1 /* Info.plist */,
			);
			path = EventBlankTests;
			sourceTree = "<group>";
		};
		BC70A39121A547C100988533 /* Feed */ = {
			isa = PBXGroup;
			children = (
				BC70A3A421A5521C00988533 /* FeedCoordinator.swift */,
				BC70A3A621A5526800988533 /* FeedList */,
				BC01751C21A5C0590090DAE2 /* Conference */,
				BC01755121A6312F0090DAE2 /* Topic */,
				BC01755221A631380090DAE2 /* Speaker */,
			);
			path = Feed;
			sourceTree = "<group>";
		};
		BC70A3A621A5526800988533 /* FeedList */ = {
			isa = PBXGroup;
			children = (
				BC7F0DB021A5A4BC003825F2 /* Cells */,
				BC70A3A721A5527A00988533 /* FeedListView.swift */,
				BC70A3A921A5528400988533 /* FeedListViewModelOutput.swift */,
				BC70A3AB21A5528D00988533 /* FeedListViewModel.swift */,
				BC70A3AD21A5529800988533 /* DefaultFeedListViewModel.swift */,
				BC70A3AF21A552BB00988533 /* FeedListViewController.swift */,
				822926FB21FAF2CD00184741 /* FeedListViewController+TableViewDelegates.swift */,
				BC70A3B021A552BB00988533 /* FeedListViewController.xib */,
			);
			path = FeedList;
			sourceTree = "<group>";
		};
		BC70A3C221A56C5B00988533 /* Extensions */ = {
			isa = PBXGroup;
			children = (
				BC70A3C321A56C7F00988533 /* UINavigationControllerExtensions.swift */,
				BC70A3CE21A5720A00988533 /* UIColorExtensions.swift */,
				BC01751A21A5B6BB0090DAE2 /* UIViewExtensions.swift */,
			);
			path = Extensions;
			sourceTree = "<group>";
		};
		BC70A3C521A5713100988533 /* Resources */ = {
			isa = PBXGroup;
			children = (
				BC01751521A5AA2E0090DAE2 /* Fonts */,
				BC70A3C621A5713F00988533 /* Localization */,
			);
			path = Resources;
			sourceTree = "<group>";
		};
		BC70A3C621A5713F00988533 /* Localization */ = {
			isa = PBXGroup;
			children = (
				BC70A3CB21A5717300988533 /* Localizable.strings */,
			);
			path = Localization;
			sourceTree = "<group>";
		};
		BC70A3D021A5935D00988533 /* About */ = {
			isa = PBXGroup;
			children = (
				BC70A3D221A593A000988533 /* AboutCoordinator.swift */,
				BC70A3D421A593A500988533 /* AppInfo */,
			);
			path = About;
			sourceTree = "<group>";
		};
		BC70A3D121A5936700988533 /* Favourites */ = {
			isa = PBXGroup;
			children = (
				BC70A3E621A599A400988533 /* FavouritesCoordinator.swift */,
				BC70A3E821A599AE00988533 /* FavouritesList */,
			);
			path = Favourites;
			sourceTree = "<group>";
		};
		BC70A3D421A593A500988533 /* AppInfo */ = {
			isa = PBXGroup;
			children = (
				BC70A3D521A593FB00988533 /* AppInfoView.swift */,
				BC70A3D721A5940800988533 /* AppInfoViewModelOutput.swift */,
				BC70A3D921A5941900988533 /* AppInfoViewModel.swift */,
				BC70A3DB21A5942600988533 /* DefaultAppInfoViewModel.swift */,
				BC70A3DD21A5943D00988533 /* AppInfoViewController.swift */,
				BC70A3DE21A5943D00988533 /* AppInfoViewController.xib */,
			);
			path = AppInfo;
			sourceTree = "<group>";
		};
		BC70A3E121A5952400988533 /* AppInfo */ = {
			isa = PBXGroup;
			children = (
				BC70A3E221A5953B00988533 /* AppInfoModuleFactory.swift */,
				BC70A3E421A5954B00988533 /* DefaultAppInfoModuleFactory.swift */,
			);
			path = AppInfo;
			sourceTree = "<group>";
		};
		BC70A3E821A599AE00988533 /* FavouritesList */ = {
			isa = PBXGroup;
			children = (
				BC70A3E921A599CF00988533 /* FavouritesListView.swift */,
				BC70A3EB21A599EC00988533 /* FavouritesListViewModelOutput.swift */,
				BC70A3ED21A599F800988533 /* FavouritesListViewModel.swift */,
				BC70A3F121A59A0D00988533 /* DefaultFavouritesListViewModel.swift */,
				BC70A3FC21A59C3300988533 /* FavouritesListViewController.swift */,
				BC70A3FD21A59C3300988533 /* FavouritesListViewController.xib */,
			);
			path = FavouritesList;
			sourceTree = "<group>";
		};
		BC70A3F721A59B1100988533 /* Favourites */ = {
			isa = PBXGroup;
			children = (
				BC70A3F821A59B1E00988533 /* FavouritesModuleFactory.swift */,
				BC70A3FA21A59B2900988533 /* DefaultFavouritesModuleFactory.swift */,
			);
			path = Favourites;
			sourceTree = "<group>";
		};
		BC7F0DB021A5A4BC003825F2 /* Cells */ = {
			isa = PBXGroup;
			children = (
				BC7F0DB121A5A4E4003825F2 /* FeedTableViewCell.swift */,
				BC7F0DB221A5A4E4003825F2 /* FeedTableViewCell.xib */,
			);
			path = Cells;
			sourceTree = "<group>";
		};
/* End PBXGroup section */

/* Begin PBXNativeTarget section */
		BC43943D21A4609400FE2BE1 /* EventBlank */ = {
			isa = PBXNativeTarget;
			buildConfigurationList = BC43945B21A4609500FE2BE1 /* Build configuration list for PBXNativeTarget "EventBlank" */;
			buildPhases = (
				5C9705B4E25BDCF7CE1370FF /* [CP] Check Pods Manifest.lock */,
				BC43943A21A4609400FE2BE1 /* Sources */,
				BC43943B21A4609400FE2BE1 /* Frameworks */,
				BC43943C21A4609400FE2BE1 /* Resources */,
				AE28EC508E0849F807B1E053 /* [CP] Embed Pods Frameworks */,
				BC366C4021A463C5006111DF /* SwiftLint */,
			);
			buildRules = (
			);
			dependencies = (
			);
			name = EventBlank;
			productName = EventBlank;
			productReference = BC43943E21A4609400FE2BE1 /* EventBlank.app */;
			productType = "com.apple.product-type.application";
		};
		BC43945121A4609500FE2BE1 /* EventBlankTests */ = {
			isa = PBXNativeTarget;
			buildConfigurationList = BC43945E21A4609500FE2BE1 /* Build configuration list for PBXNativeTarget "EventBlankTests" */;
			buildPhases = (
				242879DCDD4767CE03ADB940 /* [CP] Check Pods Manifest.lock */,
				BC43944E21A4609500FE2BE1 /* Sources */,
				BC43944F21A4609500FE2BE1 /* Frameworks */,
				BC43945021A4609500FE2BE1 /* Resources */,
			);
			buildRules = (
			);
			dependencies = (
				BC43945421A4609500FE2BE1 /* PBXTargetDependency */,
			);
			name = EventBlankTests;
			productName = EventBlankTests;
			productReference = BC43945221A4609500FE2BE1 /* EventBlankTests.xctest */;
			productType = "com.apple.product-type.bundle.unit-test";
		};
/* End PBXNativeTarget section */

/* Begin PBXProject section */
		BC43943621A4609400FE2BE1 /* Project object */ = {
			isa = PBXProject;
			attributes = {
				LastSwiftUpdateCheck = 1010;
				LastUpgradeCheck = 1010;
				ORGANIZATIONNAME = Bananaland;
				TargetAttributes = {
					BC43943D21A4609400FE2BE1 = {
						CreatedOnToolsVersion = 10.1;
					};
					BC43945121A4609500FE2BE1 = {
						CreatedOnToolsVersion = 10.1;
						TestTargetID = BC43943D21A4609400FE2BE1;
					};
				};
			};
			buildConfigurationList = BC43943921A4609400FE2BE1 /* Build configuration list for PBXProject "EventBlank" */;
			compatibilityVersion = "Xcode 9.3";
			developmentRegion = en;
			hasScannedForEncodings = 0;
			knownRegions = (
				en,
				Base,
			);
			mainGroup = BC43943521A4609400FE2BE1;
			productRefGroup = BC43943F21A4609400FE2BE1 /* Products */;
			projectDirPath = "";
			projectRoot = "";
			targets = (
				BC43943D21A4609400FE2BE1 /* EventBlank */,
				BC43945121A4609500FE2BE1 /* EventBlankTests */,
			);
		};
/* End PBXProject section */

/* Begin PBXResourcesBuildPhase section */
		BC43943C21A4609400FE2BE1 /* Resources */ = {
			isa = PBXResourcesBuildPhase;
			buildActionMask = 2147483647;
			files = (
				BC01753C21A5D00E0090DAE2 /* SpeakerTableViewCell.xib in Resources */,
				BC70A3C921A5717300988533 /* Localizable.strings in Resources */,
				BC43944C21A4609500FE2BE1 /* LaunchScreen.storyboard in Resources */,
				BC01753421A5CFD00090DAE2 /* PhotoCollectionViewCell.xib in Resources */,
				BC70A3FF21A59C3300988533 /* FavouritesListViewController.xib in Resources */,
				BC01751721A5AA3D0090DAE2 /* Lato-Regular.ttf in Resources */,
				BC01753821A5CFF50090DAE2 /* TopicTableViewCell.xib in Resources */,
				BC01752C21A5C1BD0090DAE2 /* ConferenceViewController.xib in Resources */,
				BC70A3E021A5943D00988533 /* AppInfoViewController.xib in Resources */,
				62DE44A621A5A85F00C3AC14 /* resources.json in Resources */,
				62DE44A421A5A84700C3AC14 /* speakers.json in Resources */,
				BC70A3B221A552BB00988533 /* FeedListViewController.xib in Resources */,
				BC43944921A4609500FE2BE1 /* Assets.xcassets in Resources */,
				62DE44A221A5A83400C3AC14 /* conferences.json in Resources */,
				62DE44A821A5A86F00C3AC14 /* talks.json in Resources */,
				BC01751921A5AA480090DAE2 /* Lato-Bold.ttf in Resources */,
				BC01755E21A632A50090DAE2 /* TopicViewController.xib in Resources */,
				BC7F0DB421A5A4E4003825F2 /* FeedTableViewCell.xib in Resources */,
				BC01756A21A6350E0090DAE2 /* SpeakerViewController.xib in Resources */,
			);
			runOnlyForDeploymentPostprocessing = 0;
		};
		BC43945021A4609500FE2BE1 /* Resources */ = {
			isa = PBXResourcesBuildPhase;
			buildActionMask = 2147483647;
			files = (
			);
			runOnlyForDeploymentPostprocessing = 0;
		};
/* End PBXResourcesBuildPhase section */

/* Begin PBXShellScriptBuildPhase section */
		242879DCDD4767CE03ADB940 /* [CP] Check Pods Manifest.lock */ = {
			isa = PBXShellScriptBuildPhase;
			buildActionMask = 2147483647;
			files = (
			);
			inputFileListPaths = (
			);
			inputPaths = (
				"${PODS_PODFILE_DIR_PATH}/Podfile.lock",
				"${PODS_ROOT}/Manifest.lock",
			);
			name = "[CP] Check Pods Manifest.lock";
			outputFileListPaths = (
			);
			outputPaths = (
				"$(DERIVED_FILE_DIR)/Pods-EventBlankTests-checkManifestLockResult.txt",
			);
			runOnlyForDeploymentPostprocessing = 0;
			shellPath = /bin/sh;
			shellScript = "diff \"${PODS_PODFILE_DIR_PATH}/Podfile.lock\" \"${PODS_ROOT}/Manifest.lock\" > /dev/null\nif [ $? != 0 ] ; then\n    # print error to STDERR\n    echo \"error: The sandbox is not in sync with the Podfile.lock. Run 'pod install' or update your CocoaPods installation.\" >&2\n    exit 1\nfi\n# This output is used by Xcode 'outputs' to avoid re-running this script phase.\necho \"SUCCESS\" > \"${SCRIPT_OUTPUT_FILE_0}\"\n";
			showEnvVarsInLog = 0;
		};
		5C9705B4E25BDCF7CE1370FF /* [CP] Check Pods Manifest.lock */ = {
			isa = PBXShellScriptBuildPhase;
			buildActionMask = 2147483647;
			files = (
			);
			inputFileListPaths = (
			);
			inputPaths = (
				"${PODS_PODFILE_DIR_PATH}/Podfile.lock",
				"${PODS_ROOT}/Manifest.lock",
			);
			name = "[CP] Check Pods Manifest.lock";
			outputFileListPaths = (
			);
			outputPaths = (
				"$(DERIVED_FILE_DIR)/Pods-EventBlank-checkManifestLockResult.txt",
			);
			runOnlyForDeploymentPostprocessing = 0;
			shellPath = /bin/sh;
			shellScript = "diff \"${PODS_PODFILE_DIR_PATH}/Podfile.lock\" \"${PODS_ROOT}/Manifest.lock\" > /dev/null\nif [ $? != 0 ] ; then\n    # print error to STDERR\n    echo \"error: The sandbox is not in sync with the Podfile.lock. Run 'pod install' or update your CocoaPods installation.\" >&2\n    exit 1\nfi\n# This output is used by Xcode 'outputs' to avoid re-running this script phase.\necho \"SUCCESS\" > \"${SCRIPT_OUTPUT_FILE_0}\"\n";
			showEnvVarsInLog = 0;
		};
		AE28EC508E0849F807B1E053 /* [CP] Embed Pods Frameworks */ = {
			isa = PBXShellScriptBuildPhase;
			buildActionMask = 2147483647;
			files = (
			);
			inputFileListPaths = (
			);
			inputPaths = (
				"${PODS_ROOT}/Target Support Files/Pods-EventBlank/Pods-EventBlank-frameworks.sh",
				"${BUILT_PRODUCTS_DIR}/ESTabBarController-swift/ESTabBarController_swift.framework",
				"${BUILT_PRODUCTS_DIR}/Kingfisher/Kingfisher.framework",
				"${BUILT_PRODUCTS_DIR}/Reusable/Reusable.framework",
				"${BUILT_PRODUCTS_DIR}/SKPhotoBrowser/SKPhotoBrowser.framework",
				"${BUILT_PRODUCTS_DIR}/Swinject/Swinject.framework",
			);
			name = "[CP] Embed Pods Frameworks";
			outputFileListPaths = (
			);
			outputPaths = (
				"${TARGET_BUILD_DIR}/${FRAMEWORKS_FOLDER_PATH}/ESTabBarController_swift.framework",
				"${TARGET_BUILD_DIR}/${FRAMEWORKS_FOLDER_PATH}/Kingfisher.framework",
				"${TARGET_BUILD_DIR}/${FRAMEWORKS_FOLDER_PATH}/Reusable.framework",
				"${TARGET_BUILD_DIR}/${FRAMEWORKS_FOLDER_PATH}/SKPhotoBrowser.framework",
				"${TARGET_BUILD_DIR}/${FRAMEWORKS_FOLDER_PATH}/Swinject.framework",
			);
			runOnlyForDeploymentPostprocessing = 0;
			shellPath = /bin/sh;
			shellScript = "\"${PODS_ROOT}/Target Support Files/Pods-EventBlank/Pods-EventBlank-frameworks.sh\"\n";
			showEnvVarsInLog = 0;
		};
		BC366C4021A463C5006111DF /* SwiftLint */ = {
			isa = PBXShellScriptBuildPhase;
			buildActionMask = 2147483647;
			files = (
			);
			inputFileListPaths = (
			);
			inputPaths = (
			);
			name = SwiftLint;
			outputFileListPaths = (
			);
			outputPaths = (
			);
			runOnlyForDeploymentPostprocessing = 0;
			shellPath = /bin/sh;
			shellScript = "\"${PODS_ROOT}/SwiftLint/swiftlint\"\n";
		};
/* End PBXShellScriptBuildPhase section */

/* Begin PBXSourcesBuildPhase section */
		BC43943A21A4609400FE2BE1 /* Sources */ = {
			isa = PBXSourcesBuildPhase;
			buildActionMask = 2147483647;
			files = (
				62DE449921A595D100C3AC14 /* Speaker.swift in Sources */,
				BC70A3A821A5527A00988533 /* FeedListView.swift in Sources */,
				62DE44B621A5B98F00C3AC14 /* DefaultResourceRepository.swift in Sources */,
				BC366C6321A4678C006111DF /* BaseFactory.swift in Sources */,
				BC366C3E21A462BB006111DF /* TabItem.swift in Sources */,
				BC01757621A6ACB60090DAE2 /* SpeakerImageHelper.swift in Sources */,
				BC70A3CD21A571D000988533 /* Stylesheet.swift in Sources */,
				82E9CEE021F9CD9E009D7F66 /* BuilderAssembly.swift in Sources */,
				62DE44BD21A5BBBA00C3AC14 /* TalkViewVModel.swift in Sources */,
				62DE44B321A5B8E600C3AC14 /* DefaultSpeakerRepository.swift in Sources */,
				BC366C5621A465A4006111DF /* Coordinator.swift in Sources */,
				BC366C7021A46831006111DF /* DefaultFeedModuleFactory.swift in Sources */,
				8261336C21F85B7D00933AAF /* TalksRepository.swift in Sources */,
				BC70A3E321A5953B00988533 /* AppInfoModuleFactory.swift in Sources */,
				8261337021F85BDC00933AAF /* ResourceRepository.swift in Sources */,
				62DE44AD21A5B59D00C3AC14 /* DefaultConferenceRepository.swift in Sources */,
				BC70A3E521A5954B00988533 /* DefaultAppInfoModuleFactory.swift in Sources */,
				BC70A3D821A5940800988533 /* AppInfoViewModelOutput.swift in Sources */,
				BC70A3FE21A59C3300988533 /* FavouritesListViewController.swift in Sources */,
				BC366C6A21A467F5006111DF /* FeedModuleFactory.swift in Sources */,
				BC01751E21A5C0780090DAE2 /* ConferenceView.swift in Sources */,
				BC01756921A6350E0090DAE2 /* SpeakerViewController.swift in Sources */,
				8261336E21F85BA200933AAF /* SpeakerRepository.swift in Sources */,
				BC70A3EE21A599F800988533 /* FavouritesListViewModel.swift in Sources */,
				BC01753721A5CFF50090DAE2 /* TopicTableViewCell.swift in Sources */,
				BC70A3A321A54AE100988533 /* CoordinatorFactoryImplementation.swift in Sources */,
				BC01752021A5C08D0090DAE2 /* ConferenceViewModelOutput.swift in Sources */,
				BC366C4A21A464AD006111DF /* NetworkServiceAssembly.swift in Sources */,
				BC70A3F221A59A0D00988533 /* DefaultFavouritesListViewModel.swift in Sources */,
				BC01753F21A5ECB10090DAE2 /* TableDelegatable.swift in Sources */,
				BC70A3EC21A599EC00988533 /* FavouritesListViewModelOutput.swift in Sources */,
				BC70A3AC21A5528D00988533 /* FeedListViewModel.swift in Sources */,
				BC01754A21A60AD30090DAE2 /* CollectionDisplayManagerDelegate.swift in Sources */,
				BC01756021A634C80090DAE2 /* SpeakerView.swift in Sources */,
				BC70A38B21A5441000988533 /* MainTabCoordinatorOutput.swift in Sources */,
				BC70A3C421A56C7F00988533 /* UINavigationControllerExtensions.swift in Sources */,
				BC01756421A634F30090DAE2 /* SpeakerViewModel.swift in Sources */,
				BC01754521A5F2B80090DAE2 /* TableDisplayManager.swift in Sources */,
				BC01754C21A61ED80090DAE2 /* PhotoBrowserModel.swift in Sources */,
				BC01755D21A632A50090DAE2 /* TopicViewController.swift in Sources */,
				BC70A3A521A5521C00988533 /* FeedCoordinator.swift in Sources */,
				BC366C5521A465A4006111DF /* BaseView.swift in Sources */,
				BC01754721A5FBD40090DAE2 /* SelectedConferenceType.swift in Sources */,
				BC70A3E721A599A400988533 /* FavouritesCoordinator.swift in Sources */,
				BC01755021A62E2B0090DAE2 /* TableDisplayManagerDelegate.swift in Sources */,
				8218EE2F21EE211300BEEF1E /* ViewModelAssembly.swift in Sources */,
				BC70A3D321A593A000988533 /* AboutCoordinator.swift in Sources */,
				62DE449B21A595E100C3AC14 /* Topic.swift in Sources */,
				8261336A21F85B3A00933AAF /* ConferenceRepository.swift in Sources */,
				82E9CEDE21F9CB34009D7F66 /* ViewModelBuilder.swift in Sources */,
				62DE449D21A5966100C3AC14 /* Resource.swift in Sources */,
				BC70A38D21A5445900988533 /* MainTabBarCoordinator.swift in Sources */,
				822926FC21FAF2CD00184741 /* FeedListViewController+TableViewDelegates.swift in Sources */,
				BC01755821A632830090DAE2 /* TopicViewModel.swift in Sources */,
				BC366C3F21A462BB006111DF /* Alert.swift in Sources */,
				62DE44B121A5B8C300C3AC14 /* Repository.swift in Sources */,
				BC366C5B21A4660A006111DF /* Router.swift in Sources */,
				BC01756621A635000090DAE2 /* DefaultSpeakerViewModel.swift in Sources */,
				BC366C4F21A46516006111DF /* ApplicationCoordinator.swift in Sources */,
				BC01752221A5C09C0090DAE2 /* ConferenceViewModel.swift in Sources */,
				BC70A3B121A552BB00988533 /* FeedListViewController.swift in Sources */,
				BC01753B21A5D00E0090DAE2 /* SpeakerTableViewCell.swift in Sources */,
				BC01752B21A5C1BD0090DAE2 /* ConferenceViewController.swift in Sources */,
				BC7F0DB321A5A4E4003825F2 /* FeedTableViewCell.swift in Sources */,
				BC01752421A5C0B10090DAE2 /* DefaultConferenceDetailsViewModel.swift in Sources */,
				BC01757821A6ADE60090DAE2 /* SpeakerViewController+TableViewDelegates.swift in Sources */,
				BC366C4321A46474006111DF /* AppAssembler.swift in Sources */,
				BC01751B21A5B6BB0090DAE2 /* UIViewExtensions.swift in Sources */,
				BC01753321A5CFD00090DAE2 /* PhotoCollectionViewCell.swift in Sources */,
				BC01756221A634E90090DAE2 /* SpeakerViewModelOutput.swift in Sources */,
				BC70A3DA21A5941900988533 /* AppInfoViewModel.swift in Sources */,
				BC366C4921A464AD006111DF /* FactoryAssembly.swift in Sources */,
				BC70A3D621A593FB00988533 /* AppInfoView.swift in Sources */,
				BC70A3DC21A5942600988533 /* DefaultAppInfoViewModel.swift in Sources */,
				62DE44AF21A5B6E800C3AC14 /* ApplicationCache.swift in Sources */,
				62DE44B821A5B9CB00C3AC14 /* DefaultTalksRepository.swift in Sources */,
				BC70A3AA21A5528400988533 /* FeedListViewModelOutput.swift in Sources */,
				BC366C4521A46487006111DF /* DefaultAppAssembler.swift in Sources */,
				BC70A3CF21A5720A00988533 /* UIColorExtensions.swift in Sources */,
				62DE44BB21A5BB7A00C3AC14 /* ConferenceViewVModel.swift in Sources */,
				BC70A3AE21A5529800988533 /* DefaultFeedListViewModel.swift in Sources */,
				BC70A3EA21A599CF00988533 /* FavouritesListView.swift in Sources */,
				BC01754321A5EE110090DAE2 /* CollectionDisplayManager.swift in Sources */,
				BC366C5C21A4660A006111DF /* RouterImplementation.swift in Sources */,
				BC70A38F21A5469E00988533 /* MainTabBarController.swift in Sources */,
				62DE44AA21A5B4CB00C3AC14 /* FileDecoder.swift in Sources */,
				62DE44BF21A5BBFA00C3AC14 /* DefaultViewModelBuilder.swift in Sources */,
				BC366C5021A46516006111DF /* BaseCoordinator.swift in Sources */,
				BC70A38921A5432E00988533 /* MainTabBarView.swift in Sources */,
				62DE44C121A5CE2100C3AC14 /* SpeakerViewVModel.swift in Sources */,
				BC01755421A632600090DAE2 /* TopicView.swift in Sources */,
				BC43944221A4609400FE2BE1 /* AppDelegate.swift in Sources */,
				BC01755A21A632920090DAE2 /* DefaultTopicViewModel.swift in Sources */,
				BC70A3DF21A5943D00988533 /* AppInfoViewController.swift in Sources */,
				BC01754121A5ED430090DAE2 /* CollectionDelegatable.swift in Sources */,
				BC366C6121A46756006111DF /* CoordinatorFactory.swift in Sources */,
				BC70A3F921A59B1E00988533 /* FavouritesModuleFactory.swift in Sources */,
				BC70A3FB21A59B2900988533 /* DefaultFavouritesModuleFactory.swift in Sources */,
				62DE449721A595B900C3AC14 /* Conference.swift in Sources */,
				BC366C5721A465A4006111DF /* Presentable.swift in Sources */,
				BC01755621A632730090DAE2 /* TopicViewModelOutput.swift in Sources */,
			);
			runOnlyForDeploymentPostprocessing = 0;
		};
		BC43944E21A4609500FE2BE1 /* Sources */ = {
			isa = PBXSourcesBuildPhase;
			buildActionMask = 2147483647;
			files = (
				BC43945721A4609500FE2BE1 /* EventBlankTests.swift in Sources */,
			);
			runOnlyForDeploymentPostprocessing = 0;
		};
/* End PBXSourcesBuildPhase section */

/* Begin PBXTargetDependency section */
		BC43945421A4609500FE2BE1 /* PBXTargetDependency */ = {
			isa = PBXTargetDependency;
			target = BC43943D21A4609400FE2BE1 /* EventBlank */;
			targetProxy = BC43945321A4609500FE2BE1 /* PBXContainerItemProxy */;
		};
/* End PBXTargetDependency section */

/* Begin PBXVariantGroup section */
		BC43944A21A4609500FE2BE1 /* LaunchScreen.storyboard */ = {
			isa = PBXVariantGroup;
			children = (
				BC43944B21A4609500FE2BE1 /* Base */,
			);
			name = LaunchScreen.storyboard;
			sourceTree = "<group>";
		};
		BC70A3CB21A5717300988533 /* Localizable.strings */ = {
			isa = PBXVariantGroup;
			children = (
				BC70A3CA21A5717300988533 /* en */,
			);
			name = Localizable.strings;
			sourceTree = "<group>";
		};
/* End PBXVariantGroup section */

/* Begin XCBuildConfiguration section */
		BC43945921A4609500FE2BE1 /* Debug */ = {
			isa = XCBuildConfiguration;
			buildSettings = {
				ALWAYS_SEARCH_USER_PATHS = NO;
				CLANG_ANALYZER_NONNULL = YES;
				CLANG_ANALYZER_NUMBER_OBJECT_CONVERSION = YES_AGGRESSIVE;
				CLANG_CXX_LANGUAGE_STANDARD = "gnu++14";
				CLANG_CXX_LIBRARY = "libc++";
				CLANG_ENABLE_MODULES = YES;
				CLANG_ENABLE_OBJC_ARC = YES;
				CLANG_ENABLE_OBJC_WEAK = YES;
				CLANG_WARN_BLOCK_CAPTURE_AUTORELEASING = YES;
				CLANG_WARN_BOOL_CONVERSION = YES;
				CLANG_WARN_COMMA = YES;
				CLANG_WARN_CONSTANT_CONVERSION = YES;
				CLANG_WARN_DEPRECATED_OBJC_IMPLEMENTATIONS = YES;
				CLANG_WARN_DIRECT_OBJC_ISA_USAGE = YES_ERROR;
				CLANG_WARN_DOCUMENTATION_COMMENTS = YES;
				CLANG_WARN_EMPTY_BODY = YES;
				CLANG_WARN_ENUM_CONVERSION = YES;
				CLANG_WARN_INFINITE_RECURSION = YES;
				CLANG_WARN_INT_CONVERSION = YES;
				CLANG_WARN_NON_LITERAL_NULL_CONVERSION = YES;
				CLANG_WARN_OBJC_IMPLICIT_RETAIN_SELF = YES;
				CLANG_WARN_OBJC_LITERAL_CONVERSION = YES;
				CLANG_WARN_OBJC_ROOT_CLASS = YES_ERROR;
				CLANG_WARN_RANGE_LOOP_ANALYSIS = YES;
				CLANG_WARN_STRICT_PROTOTYPES = YES;
				CLANG_WARN_SUSPICIOUS_MOVE = YES;
				CLANG_WARN_UNGUARDED_AVAILABILITY = YES_AGGRESSIVE;
				CLANG_WARN_UNREACHABLE_CODE = YES;
				CLANG_WARN__DUPLICATE_METHOD_MATCH = YES;
				CODE_SIGN_IDENTITY = "iPhone Developer";
				COPY_PHASE_STRIP = NO;
				DEBUG_INFORMATION_FORMAT = dwarf;
				ENABLE_STRICT_OBJC_MSGSEND = YES;
				ENABLE_TESTABILITY = YES;
				GCC_C_LANGUAGE_STANDARD = gnu11;
				GCC_DYNAMIC_NO_PIC = NO;
				GCC_NO_COMMON_BLOCKS = YES;
				GCC_OPTIMIZATION_LEVEL = 0;
				GCC_PREPROCESSOR_DEFINITIONS = (
					"DEBUG=1",
					"$(inherited)",
				);
				GCC_WARN_64_TO_32_BIT_CONVERSION = YES;
				GCC_WARN_ABOUT_RETURN_TYPE = YES_ERROR;
				GCC_WARN_UNDECLARED_SELECTOR = YES;
				GCC_WARN_UNINITIALIZED_AUTOS = YES_AGGRESSIVE;
				GCC_WARN_UNUSED_FUNCTION = YES;
				GCC_WARN_UNUSED_VARIABLE = YES;
				IPHONEOS_DEPLOYMENT_TARGET = 12.1;
				MTL_ENABLE_DEBUG_INFO = INCLUDE_SOURCE;
				MTL_FAST_MATH = YES;
				ONLY_ACTIVE_ARCH = YES;
				SDKROOT = iphoneos;
				SWIFT_ACTIVE_COMPILATION_CONDITIONS = DEBUG;
				SWIFT_OPTIMIZATION_LEVEL = "-Onone";
			};
			name = Debug;
		};
		BC43945A21A4609500FE2BE1 /* Release */ = {
			isa = XCBuildConfiguration;
			buildSettings = {
				ALWAYS_SEARCH_USER_PATHS = NO;
				CLANG_ANALYZER_NONNULL = YES;
				CLANG_ANALYZER_NUMBER_OBJECT_CONVERSION = YES_AGGRESSIVE;
				CLANG_CXX_LANGUAGE_STANDARD = "gnu++14";
				CLANG_CXX_LIBRARY = "libc++";
				CLANG_ENABLE_MODULES = YES;
				CLANG_ENABLE_OBJC_ARC = YES;
				CLANG_ENABLE_OBJC_WEAK = YES;
				CLANG_WARN_BLOCK_CAPTURE_AUTORELEASING = YES;
				CLANG_WARN_BOOL_CONVERSION = YES;
				CLANG_WARN_COMMA = YES;
				CLANG_WARN_CONSTANT_CONVERSION = YES;
				CLANG_WARN_DEPRECATED_OBJC_IMPLEMENTATIONS = YES;
				CLANG_WARN_DIRECT_OBJC_ISA_USAGE = YES_ERROR;
				CLANG_WARN_DOCUMENTATION_COMMENTS = YES;
				CLANG_WARN_EMPTY_BODY = YES;
				CLANG_WARN_ENUM_CONVERSION = YES;
				CLANG_WARN_INFINITE_RECURSION = YES;
				CLANG_WARN_INT_CONVERSION = YES;
				CLANG_WARN_NON_LITERAL_NULL_CONVERSION = YES;
				CLANG_WARN_OBJC_IMPLICIT_RETAIN_SELF = YES;
				CLANG_WARN_OBJC_LITERAL_CONVERSION = YES;
				CLANG_WARN_OBJC_ROOT_CLASS = YES_ERROR;
				CLANG_WARN_RANGE_LOOP_ANALYSIS = YES;
				CLANG_WARN_STRICT_PROTOTYPES = YES;
				CLANG_WARN_SUSPICIOUS_MOVE = YES;
				CLANG_WARN_UNGUARDED_AVAILABILITY = YES_AGGRESSIVE;
				CLANG_WARN_UNREACHABLE_CODE = YES;
				CLANG_WARN__DUPLICATE_METHOD_MATCH = YES;
				CODE_SIGN_IDENTITY = "iPhone Developer";
				COPY_PHASE_STRIP = NO;
				DEBUG_INFORMATION_FORMAT = "dwarf-with-dsym";
				ENABLE_NS_ASSERTIONS = NO;
				ENABLE_STRICT_OBJC_MSGSEND = YES;
				GCC_C_LANGUAGE_STANDARD = gnu11;
				GCC_NO_COMMON_BLOCKS = YES;
				GCC_WARN_64_TO_32_BIT_CONVERSION = YES;
				GCC_WARN_ABOUT_RETURN_TYPE = YES_ERROR;
				GCC_WARN_UNDECLARED_SELECTOR = YES;
				GCC_WARN_UNINITIALIZED_AUTOS = YES_AGGRESSIVE;
				GCC_WARN_UNUSED_FUNCTION = YES;
				GCC_WARN_UNUSED_VARIABLE = YES;
				IPHONEOS_DEPLOYMENT_TARGET = 12.1;
				MTL_ENABLE_DEBUG_INFO = NO;
				MTL_FAST_MATH = YES;
				SDKROOT = iphoneos;
				SWIFT_COMPILATION_MODE = wholemodule;
				SWIFT_OPTIMIZATION_LEVEL = "-O";
				VALIDATE_PRODUCT = YES;
			};
			name = Release;
		};
		BC43945C21A4609500FE2BE1 /* Debug */ = {
			isa = XCBuildConfiguration;
			baseConfigurationReference = 4547956158FFF18147EFCEB8 /* Pods-EventBlank.debug.xcconfig */;
			buildSettings = {
				ASSETCATALOG_COMPILER_APPICON_NAME = AppIcon;
				CODE_SIGN_STYLE = Automatic;
				DEVELOPMENT_TEAM = "";
				INFOPLIST_FILE = EventBlank/Info.plist;
				IPHONEOS_DEPLOYMENT_TARGET = 11.0;
				LD_RUNPATH_SEARCH_PATHS = (
					"$(inherited)",
					"@executable_path/Frameworks",
				);
				PRODUCT_BUNDLE_IDENTIFIER = com.bananaland.EventBlank;
				PRODUCT_NAME = "$(TARGET_NAME)";
				SWIFT_VERSION = 4.2;
				TARGETED_DEVICE_FAMILY = "1,2";
			};
			name = Debug;
		};
		BC43945D21A4609500FE2BE1 /* Release */ = {
			isa = XCBuildConfiguration;
			baseConfigurationReference = EA1FA9B40F469556048AED71 /* Pods-EventBlank.release.xcconfig */;
			buildSettings = {
				ASSETCATALOG_COMPILER_APPICON_NAME = AppIcon;
				CODE_SIGN_STYLE = Automatic;
				DEVELOPMENT_TEAM = "";
				INFOPLIST_FILE = EventBlank/Info.plist;
				IPHONEOS_DEPLOYMENT_TARGET = 11.0;
				LD_RUNPATH_SEARCH_PATHS = (
					"$(inherited)",
					"@executable_path/Frameworks",
				);
				PRODUCT_BUNDLE_IDENTIFIER = com.bananaland.EventBlank;
				PRODUCT_NAME = "$(TARGET_NAME)";
				SWIFT_VERSION = 4.2;
				TARGETED_DEVICE_FAMILY = "1,2";
			};
			name = Release;
		};
		BC43945F21A4609500FE2BE1 /* Debug */ = {
			isa = XCBuildConfiguration;
			baseConfigurationReference = 6C4FB8056E5B75C1A39423CD /* Pods-EventBlankTests.debug.xcconfig */;
			buildSettings = {
				ALWAYS_EMBED_SWIFT_STANDARD_LIBRARIES = YES;
				BUNDLE_LOADER = "$(TEST_HOST)";
				CODE_SIGN_STYLE = Automatic;
				INFOPLIST_FILE = EventBlankTests/Info.plist;
				LD_RUNPATH_SEARCH_PATHS = (
					"$(inherited)",
					"@executable_path/Frameworks",
					"@loader_path/Frameworks",
				);
				PRODUCT_BUNDLE_IDENTIFIER = com.bananaland.EventBlankTests;
				PRODUCT_NAME = "$(TARGET_NAME)";
				SWIFT_VERSION = 4.2;
				TARGETED_DEVICE_FAMILY = "1,2";
				TEST_HOST = "$(BUILT_PRODUCTS_DIR)/EventBlank.app/EventBlank";
			};
			name = Debug;
		};
		BC43946021A4609500FE2BE1 /* Release */ = {
			isa = XCBuildConfiguration;
			baseConfigurationReference = 1B5499287F3170D942C97F2E /* Pods-EventBlankTests.release.xcconfig */;
			buildSettings = {
				ALWAYS_EMBED_SWIFT_STANDARD_LIBRARIES = YES;
				BUNDLE_LOADER = "$(TEST_HOST)";
				CODE_SIGN_STYLE = Automatic;
				INFOPLIST_FILE = EventBlankTests/Info.plist;
				LD_RUNPATH_SEARCH_PATHS = (
					"$(inherited)",
					"@executable_path/Frameworks",
					"@loader_path/Frameworks",
				);
				PRODUCT_BUNDLE_IDENTIFIER = com.bananaland.EventBlankTests;
				PRODUCT_NAME = "$(TARGET_NAME)";
				SWIFT_VERSION = 4.2;
				TARGETED_DEVICE_FAMILY = "1,2";
				TEST_HOST = "$(BUILT_PRODUCTS_DIR)/EventBlank.app/EventBlank";
			};
			name = Release;
		};
/* End XCBuildConfiguration section */

/* Begin XCConfigurationList section */
		BC43943921A4609400FE2BE1 /* Build configuration list for PBXProject "EventBlank" */ = {
			isa = XCConfigurationList;
			buildConfigurations = (
				BC43945921A4609500FE2BE1 /* Debug */,
				BC43945A21A4609500FE2BE1 /* Release */,
			);
			defaultConfigurationIsVisible = 0;
			defaultConfigurationName = Release;
		};
		BC43945B21A4609500FE2BE1 /* Build configuration list for PBXNativeTarget "EventBlank" */ = {
			isa = XCConfigurationList;
			buildConfigurations = (
				BC43945C21A4609500FE2BE1 /* Debug */,
				BC43945D21A4609500FE2BE1 /* Release */,
			);
			defaultConfigurationIsVisible = 0;
			defaultConfigurationName = Release;
		};
		BC43945E21A4609500FE2BE1 /* Build configuration list for PBXNativeTarget "EventBlankTests" */ = {
			isa = XCConfigurationList;
			buildConfigurations = (
				BC43945F21A4609500FE2BE1 /* Debug */,
				BC43946021A4609500FE2BE1 /* Release */,
			);
			defaultConfigurationIsVisible = 0;
			defaultConfigurationName = Release;
		};
/* End XCConfigurationList section */
	};
	rootObject = BC43943621A4609400FE2BE1 /* Project object */;
}
